// !$*UTF8*$!
{
	archiveVersion = 1;
	classes = {
	};
	objectVersion = 46;
	objects = {

/* Begin PBXBuildFile section */
		31BF71561EF7D42300913DFF /* AppDelegate.swift in Sources */ = {isa = PBXBuildFile; fileRef = 31BF71551EF7D42300913DFF /* AppDelegate.swift */; };
		31BF71581EF7D42300913DFF /* ViewController.swift in Sources */ = {isa = PBXBuildFile; fileRef = 31BF71571EF7D42300913DFF /* ViewController.swift */; };
		31BF715B1EF7D42300913DFF /* Main.storyboard in Resources */ = {isa = PBXBuildFile; fileRef = 31BF71591EF7D42300913DFF /* Main.storyboard */; };
		31BF715D1EF7D42300913DFF /* Assets.xcassets in Resources */ = {isa = PBXBuildFile; fileRef = 31BF715C1EF7D42300913DFF /* Assets.xcassets */; };
		31BF71601EF7D42300913DFF /* LaunchScreen.storyboard in Resources */ = {isa = PBXBuildFile; fileRef = 31BF715E1EF7D42300913DFF /* LaunchScreen.storyboard */; };
		31BF71681EF7D82400913DFF /* SwiftyJSON.swift in Sources */ = {isa = PBXBuildFile; fileRef = 31BF71671EF7D82400913DFF /* SwiftyJSON.swift */; };
		31BF716A1EF7E0E500913DFF /* DetailViewController.swift in Sources */ = {isa = PBXBuildFile; fileRef = 31BF71691EF7E0E500913DFF /* DetailViewController.swift */; };
/* End PBXBuildFile section */

/* Begin PBXFileReference section */
		31BF71521EF7D42200913DFF /* Project7.app */ = {isa = PBXFileReference; explicitFileType = wrapper.application; includeInIndex = 0; path = Project7.app; sourceTree = BUILT_PRODUCTS_DIR; };
		31BF71551EF7D42300913DFF /* AppDelegate.swift */ = {isa = PBXFileReference; lastKnownFileType = sourcecode.swift; path = AppDelegate.swift; sourceTree = "<group>"; };
		31BF71571EF7D42300913DFF /* ViewController.swift */ = {isa = PBXFileReference; lastKnownFileType = sourcecode.swift; path = ViewController.swift; sourceTree = "<group>"; };
		31BF715A1EF7D42300913DFF /* Base */ = {isa = PBXFileReference; lastKnownFileType = file.storyboard; name = Base; path = Base.lproj/Main.storyboard; sourceTree = "<group>"; };
		31BF715C1EF7D42300913DFF /* Assets.xcassets */ = {isa = PBXFileReference; lastKnownFileType = folder.assetcatalog; path = Assets.xcassets; sourceTree = "<group>"; };
		31BF715F1EF7D42300913DFF /* Base */ = {isa = PBXFileReference; lastKnownFileType = file.storyboard; name = Base; path = Base.lproj/LaunchScreen.storyboard; sourceTree = "<group>"; };
		31BF71611EF7D42300913DFF /* Info.plist */ = {isa = PBXFileReference; lastKnownFileType = text.plist.xml; path = Info.plist; sourceTree = "<group>"; };
		31BF71671EF7D82400913DFF /* SwiftyJSON.swift */ = {isa = PBXFileReference; fileEncoding = 4; lastKnownFileType = sourcecode.swift; path = SwiftyJSON.swift; sourceTree = "<group>"; };
		31BF71691EF7E0E500913DFF /* DetailViewController.swift */ = {isa = PBXFileReference; fileEncoding = 4; lastKnownFileType = sourcecode.swift; name = DetailViewController.swift; path = Project7/DetailViewController.swift; sourceTree = "<group>"; };
/* End PBXFileReference section */

/* Begin PBXFrameworksBuildPhase section */
		31BF714F1EF7D42200913DFF /* Frameworks */ = {
			isa = PBXFrameworksBuildPhase;
			buildActionMask = 2147483647;
			files = (
			);
			runOnlyForDeploymentPostprocessing = 0;
		};
/* End PBXFrameworksBuildPhase section */

/* Begin PBXGroup section */
		31BF71491EF7D42200913DFF = {
			isa = PBXGroup;
			children = (
				31BF71691EF7E0E500913DFF /* DetailViewController.swift */,
				31BF71541EF7D42200913DFF /* Project7 */,
				31BF71531EF7D42200913DFF /* Products */,
			);
			sourceTree = "<group>";
		};
		31BF71531EF7D42200913DFF /* Products */ = {
			isa = PBXGroup;
			children = (
				31BF71521EF7D42200913DFF /* Project7.app */,
			);
			name = Products;
			sourceTree = "<group>";
		};
		31BF71541EF7D42200913DFF /* Project7 */ = {
			isa = PBXGroup;
			children = (
				31BF71551EF7D42300913DFF /* AppDelegate.swift */,
				31BF71571EF7D42300913DFF /* ViewController.swift */,
				31BF71671EF7D82400913DFF /* SwiftyJSON.swift */,
				31BF71591EF7D42300913DFF /* Main.storyboard */,
				31BF715C1EF7D42300913DFF /* Assets.xcassets */,
				31BF715E1EF7D42300913DFF /* LaunchScreen.storyboard */,
				31BF71611EF7D42300913DFF /* Info.plist */,
			);
			path = Project7;
			sourceTree = "<group>";
		};
/* End PBXGroup section */

/* Begin PBXNativeTarget section */
		31BF71511EF7D42200913DFF /* Project7 */ = {
			isa = PBXNativeTarget;
			buildConfigurationList = 31BF71641EF7D42300913DFF /* Build configuration list for PBXNativeTarget "Project7" */;
			buildPhases = (
				31BF714E1EF7D42200913DFF /* Sources */,
				31BF714F1EF7D42200913DFF /* Frameworks */,
				31BF71501EF7D42200913DFF /* Resources */,
			);
			buildRules = (
			);
			dependencies = (
			);
			name = Project7;
			productName = Project7;
			productReference = 31BF71521EF7D42200913DFF /* Project7.app */;
			productType = "com.apple.product-type.application";
		};
/* End PBXNativeTarget section */

/* Begin PBXProject section */
		31BF714A1EF7D42200913DFF /* Project object */ = {
			isa = PBXProject;
			attributes = {
				LastSwiftUpdateCheck = 0830;
				LastUpgradeCheck = 0830;
				ORGANIZATIONNAME = "Juan Garcia";
				TargetAttributes = {
					31BF71511EF7D42200913DFF = {
						CreatedOnToolsVersion = 8.3.2;
						DevelopmentTeam = 22Z6ANFR3S;
						ProvisioningStyle = Automatic;
					};
				};
			};
			buildConfigurationList = 31BF714D1EF7D42200913DFF /* Build configuration list for PBXProject "Project7" */;
			compatibilityVersion = "Xcode 3.2";
			developmentRegion = English;
			hasScannedForEncodings = 0;
			knownRegions = (
				en,
				Base,
			);
			mainGroup = 31BF71491EF7D42200913DFF;
			productRefGroup = 31BF71531EF7D42200913DFF /* Products */;
			projectDirPath = "";
			projectRoot = "";
			targets = (
				31BF71511EF7D42200913DFF /* Project7 */,
			);
		};
/* End PBXProject section */

/* Begin PBXResourcesBuildPhase section */
		31BF71501EF7D42200913DFF /* Resources */ = {
			isa = PBXResourcesBuildPhase;
			buildActionMask = 2147483647;
			files = (
				31BF71601EF7D42300913DFF /* LaunchScreen.storyboard in Resources */,
				31BF715D1EF7D42300913DFF /* Assets.xcassets in Resources */,
				31BF715B1EF7D42300913DFF /* Main.storyboard in Resources */,
			);
			runOnlyForDeploymentPostprocessing = 0;
		};
/* End PBXResourcesBuildPhase section */

/* Begin PBXSourcesBuildPhase section */
		31BF714E1EF7D42200913DFF /* Sources */ = {
			isa = PBXSourcesBuildPhase;
			buildActionMask = 2147483647;
			files = (
				31BF71681EF7D82400913DFF /* SwiftyJSON.swift in Sources */,
				31BF71581EF7D42300913DFF /* ViewController.swift in Sources */,
				31BF71561EF7D42300913DFF /* AppDelegate.swift in Sources */,
				31BF716A1EF7E0E500913DFF /* DetailViewController.swift in Sources */,
			);
			runOnlyForDeploymentPostprocessing = 0;
		};
/* End PBXSourcesBuildPhase section */

/* Begin PBXVariantGroup section */
		31BF71591EF7D42300913DFF /* Main.storyboard */ = {
			isa = PBXVariantGroup;
			children = (
				31BF715A1EF7D42300913DFF /* Base */,
			);
			name = Main.storyboard;
			sourceTree = "<group>";
		};
		31BF715E1EF7D42300913DFF /* LaunchScreen.storyboard */ = {
			isa = PBXVariantGroup;
			children = (
				31BF715F1EF7D42300913DFF /* Base */,
			);
			name = LaunchScreen.storyboard;
			sourceTree = "<group>";
		};
/* End PBXVariantGroup section */

/* Begin XCBuildConfiguration section */
		31BF71621EF7D42300913DFF /* Debug */ = {
			isa = XCBuildConfiguration;
			buildSettings = {
				ALWAYS_SEARCH_USER_PATHS = NO;
				CLANG_ANALYZER_NONNULL = YES;
				CLANG_ANALYZER_NUMBER_OBJECT_CONVERSION = YES_AGGRESSIVE;
				CLANG_CXX_LANGUAGE_STANDARD = "gnu++0x";
				CLANG_CXX_LIBRARY = "libc++";
				CLANG_ENABLE_MODULES = YES;
				CLANG_ENABLE_OBJC_ARC = YES;
				CLANG_WARN_BOOL_CONVERSION = YES;
				CLANG_WARN_CONSTANT_CONVERSION = YES;
				CLANG_WARN_DIRECT_OBJC_ISA_USAGE = YES_ERROR;
				CLANG_WARN_DOCUMENTATION_COMMENTS = YES;
				CLANG_WARN_EMPTY_BODY = YES;
				CLANG_WARN_ENUM_CONVERSION = YES;
				CLANG_WARN_INFINITE_RECURSION = YES;
				CLANG_WARN_INT_CONVERSION = YES;
				CLANG_WARN_OBJC_ROOT_CLASS = YES_ERROR;
				CLANG_WARN_SUSPICIOUS_MOVE = YES;
				CLANG_WARN_UNREACHABLE_CODE = YES;
				CLANG_WARN__DUPLICATE_METHOD_MATCH = YES;
				"CODE_SIGN_IDENTITY[sdk=iphoneos*]" = "iPhone Developer";
				COPY_PHASE_STRIP = NO;
				DEBUG_INFORMATION_FORMAT = dwarf;
				ENABLE_STRICT_OBJC_MSGSEND = YES;
				ENABLE_TESTABILITY = YES;
				GCC_C_LANGUAGE_STANDARD = gnu99;
				GCC_DYNAMIC_NO_PIC = NO;
				GCC_NO_COMMON_BLOCKS = YES;
				GCC_OPTIMIZATION_LEVEL = 0;
				GCC_PREPROCESSOR_DEFINITIONS = (
					"DEBUG=1",
					"$(inherited)",
				);
				GCC_WARN_64_TO_32_BIT_CONVERSION = YES;
				GCC_WARN_ABOUT_RETURN_TYPE = YES_ERROR;
				GCC_WARN_UNDECLARED_SELECTOR = YES;
				GCC_WARN_UNINITIALIZED_AUTOS = YES_AGGRESSIVE;
				GCC_WARN_UNUSED_FUNCTION = YES;
				GCC_WARN_UNUSED_VARIABLE = YES;
				IPHONEOS_DEPLOYMENT_TARGET = 10.3;
				MTL_ENABLE_DEBUG_INFO = YES;
				ONLY_ACTIVE_ARCH = YES;
				SDKROOT = iphoneos;
				SWIFT_ACTIVE_COMPILATION_CONDITIONS = DEBUG;
				SWIFT_OPTIMIZATION_LEVEL = "-Onone";
			};
			name = Debug;
		};
		31BF71631EF7D42300913DFF /* Release */ = {
			isa = XCBuildConfiguration;
			buildSettings = {
				ALWAYS_SEARCH_USER_PATHS = NO;
				CLANG_ANALYZER_NONNULL = YES;
				CLANG_ANALYZER_NUMBER_OBJECT_CONVERSION = YES_AGGRESSIVE;
				CLANG_CXX_LANGUAGE_STANDARD = "gnu++0x";
				CLANG_CXX_LIBRARY = "libc++";
				CLANG_ENABLE_MODULES = YES;
				CLANG_ENABLE_OBJC_ARC = YES;
				CLANG_WARN_BOOL_CONVERSION = YES;
				CLANG_WARN_CONSTANT_CONVERSION = YES;
				CLANG_WARN_DIRECT_OBJC_ISA_USAGE = YES_ERROR;
				CLANG_WARN_DOCUMENTATION_COMMENTS = YES;
				CLANG_WARN_EMPTY_BODY = YES;
				CLANG_WARN_ENUM_CONVERSION = YES;
				CLANG_WARN_INFINITE_RECURSION = YES;
				CLANG_WARN_INT_CONVERSION = YES;
				CLANG_WARN_OBJC_ROOT_CLASS = YES_ERROR;
				CLANG_WARN_SUSPICIOUS_MOVE = YES;
				CLANG_WARN_UNREACHABLE_CODE = YES;
				CLANG_WARN__DUPLICATE_METHOD_MATCH = YES;
				"CODE_SIGN_IDENTITY[sdk=iphoneos*]" = "iPhone Developer";
				COPY_PHASE_STRIP = NO;
				DEBUG_INFORMATION_FORMAT = "dwarf-with-dsym";
				ENABLE_NS_ASSERTIONS = NO;
				ENABLE_STRICT_OBJC_MSGSEND = YES;
				GCC_C_LANGUAGE_STANDARD = gnu99;
				GCC_NO_COMMON_BLOCKS = YES;
				GCC_WARN_64_TO_32_BIT_CONVERSION = YES;
				GCC_WARN_ABOUT_RETURN_TYPE = YES_ERROR;
				GCC_WARN_UNDECLARED_SELECTOR = YES;
				GCC_WARN_UNINITIALIZED_AUTOS = YES_AGGRESSIVE;
				GCC_WARN_UNUSED_FUNCTION = YES;
				GCC_WARN_UNUSED_VARIABLE = YES;
				IPHONEOS_DEPLOYMENT_TARGET = 10.3;
				MTL_ENABLE_DEBUG_INFO = NO;
				SDKROOT = iphoneos;
				SWIFT_OPTIMIZATION_LEVEL = "-Owholemodule";
				VALIDATE_PRODUCT = YES;
			};
			name = Release;
		};
		31BF71651EF7D42300913DFF /* Debug */ = {
			isa = XCBuildConfiguration;
			buildSettings = {
				ASSETCATALOG_COMPILER_APPICON_NAME = AppIcon;
				DEVELOPMENT_TEAM = 22Z6ANFR3S;
				INFOPLIST_FILE = Project7/Info.plist;
				LD_RUNPATH_SEARCH_PATHS = "$(inherited) @executable_path/Frameworks";
				PRODUCT_BUNDLE_IDENTIFIER = com.hackingwithswift.Project7;
				PRODUCT_NAME = "$(TARGET_NAME)";
				SWIFT_VERSION = 3.0;
			};
			name = Debug;
		};
		31BF71661EF7D42300913DFF /* Release */ = {
			isa = XCBuildConfiguration;
			buildSettings = {
				ASSETCATALOG_COMPILER_APPICON_NAME = AppIcon;
				DEVELOPMENT_TEAM = 22Z6ANFR3S;
				INFOPLIST_FILE = Project7/Info.plist;
				LD_RUNPATH_SEARCH_PATHS = "$(inherited) @executable_path/Frameworks";
				PRODUCT_BUNDLE_IDENTIFIER = com.hackingwithswift.Project7;
				PRODUCT_NAME = "$(TARGET_NAME)";
				SWIFT_VERSION = 3.0;
			};
			name = Release;
		};
/* End XCBuildConfiguration section */

/* Begin XCConfigurationList section */
		31BF714D1EF7D42200913DFF /* Build configuration list for PBXProject "Project7" */ = {
			isa = XCConfigurationList;
			buildConfigurations = (
				31BF71621EF7D42300913DFF /* Debug */,
				31BF71631EF7D42300913DFF /* Release */,
			);
			defaultConfigurationIsVisible = 0;
			defaultConfigurationName = Release;
		};
		31BF71641EF7D42300913DFF /* Build configuration list for PBXNativeTarget "Project7" */ = {
			isa = XCConfigurationList;
			buildConfigurations = (
				31BF71651EF7D42300913DFF /* Debug */,
				31BF71661EF7D42300913DFF /* Release */,
			);
			defaultConfigurationIsVisible = 0;
		};
/* End XCConfigurationList section */
	};
	rootObject = 31BF714A1EF7D42200913DFF /* Project object */;
}
