// !$*UTF8*$!
{
	archiveVersion = 1;
	classes = {
	};
	objectVersion = 46;
	objects = {

/* Begin PBXBuildFile section */
		3180A3701F15828B006A4628 /* AppDelegate.swift in Sources */ = {isa = PBXBuildFile; fileRef = 3180A36F1F15828B006A4628 /* AppDelegate.swift */; };
		3180A3721F15828B006A4628 /* ViewController.swift in Sources */ = {isa = PBXBuildFile; fileRef = 3180A3711F15828B006A4628 /* ViewController.swift */; };
		3180A3751F15828B006A4628 /* Main.storyboard in Resources */ = {isa = PBXBuildFile; fileRef = 3180A3731F15828B006A4628 /* Main.storyboard */; };
		3180A3771F15828B006A4628 /* Assets.xcassets in Resources */ = {isa = PBXBuildFile; fileRef = 3180A3761F15828B006A4628 /* Assets.xcassets */; };
		3180A37A1F15828B006A4628 /* LaunchScreen.storyboard in Resources */ = {isa = PBXBuildFile; fileRef = 3180A3781F15828B006A4628 /* LaunchScreen.storyboard */; };
		3180A3831F158325006A4628 /* MapKit.framework in Frameworks */ = {isa = PBXBuildFile; fileRef = 3180A3821F158325006A4628 /* MapKit.framework */; };
		3180A3851F1586C4006A4628 /* Capital.swift in Sources */ = {isa = PBXBuildFile; fileRef = 3180A3841F1586C4006A4628 /* Capital.swift */; };
/* End PBXBuildFile section */

/* Begin PBXFileReference section */
		3180A36C1F15828B006A4628 /* Project19.app */ = {isa = PBXFileReference; explicitFileType = wrapper.application; includeInIndex = 0; path = Project19.app; sourceTree = BUILT_PRODUCTS_DIR; };
		3180A36F1F15828B006A4628 /* AppDelegate.swift */ = {isa = PBXFileReference; lastKnownFileType = sourcecode.swift; path = AppDelegate.swift; sourceTree = "<group>"; };
		3180A3711F15828B006A4628 /* ViewController.swift */ = {isa = PBXFileReference; lastKnownFileType = sourcecode.swift; path = ViewController.swift; sourceTree = "<group>"; };
		3180A3741F15828B006A4628 /* Base */ = {isa = PBXFileReference; lastKnownFileType = file.storyboard; name = Base; path = Base.lproj/Main.storyboard; sourceTree = "<group>"; };
		3180A3761F15828B006A4628 /* Assets.xcassets */ = {isa = PBXFileReference; lastKnownFileType = folder.assetcatalog; path = Assets.xcassets; sourceTree = "<group>"; };
		3180A3791F15828B006A4628 /* Base */ = {isa = PBXFileReference; lastKnownFileType = file.storyboard; name = Base; path = Base.lproj/LaunchScreen.storyboard; sourceTree = "<group>"; };
		3180A37B1F15828B006A4628 /* Info.plist */ = {isa = PBXFileReference; lastKnownFileType = text.plist.xml; path = Info.plist; sourceTree = "<group>"; };
		3180A3821F158325006A4628 /* MapKit.framework */ = {isa = PBXFileReference; lastKnownFileType = wrapper.framework; name = MapKit.framework; path = System/Library/Frameworks/MapKit.framework; sourceTree = SDKROOT; };
		3180A3841F1586C4006A4628 /* Capital.swift */ = {isa = PBXFileReference; fileEncoding = 4; lastKnownFileType = sourcecode.swift; path = Capital.swift; sourceTree = "<group>"; };
/* End PBXFileReference section */

/* Begin PBXFrameworksBuildPhase section */
		3180A3691F15828B006A4628 /* Frameworks */ = {
			isa = PBXFrameworksBuildPhase;
			buildActionMask = 2147483647;
			files = (
				3180A3831F158325006A4628 /* MapKit.framework in Frameworks */,
			);
			runOnlyForDeploymentPostprocessing = 0;
		};
/* End PBXFrameworksBuildPhase section */

/* Begin PBXGroup section */
		3180A3631F15828B006A4628 = {
			isa = PBXGroup;
			children = (
				3180A36E1F15828B006A4628 /* Project19 */,
				3180A36D1F15828B006A4628 /* Products */,
				3180A3811F158325006A4628 /* Frameworks */,
			);
			sourceTree = "<group>";
		};
		3180A36D1F15828B006A4628 /* Products */ = {
			isa = PBXGroup;
			children = (
				3180A36C1F15828B006A4628 /* Project19.app */,
			);
			name = Products;
			sourceTree = "<group>";
		};
		3180A36E1F15828B006A4628 /* Project19 */ = {
			isa = PBXGroup;
			children = (
				3180A36F1F15828B006A4628 /* AppDelegate.swift */,
				3180A3711F15828B006A4628 /* ViewController.swift */,
				3180A3731F15828B006A4628 /* Main.storyboard */,
				3180A3841F1586C4006A4628 /* Capital.swift */,
				3180A3761F15828B006A4628 /* Assets.xcassets */,
				3180A3781F15828B006A4628 /* LaunchScreen.storyboard */,
				3180A37B1F15828B006A4628 /* Info.plist */,
			);
			path = Project19;
			sourceTree = "<group>";
		};
		3180A3811F158325006A4628 /* Frameworks */ = {
			isa = PBXGroup;
			children = (
				3180A3821F158325006A4628 /* MapKit.framework */,
			);
			name = Frameworks;
			sourceTree = "<group>";
		};
/* End PBXGroup section */

/* Begin PBXNativeTarget section */
		3180A36B1F15828B006A4628 /* Project19 */ = {
			isa = PBXNativeTarget;
			buildConfigurationList = 3180A37E1F15828B006A4628 /* Build configuration list for PBXNativeTarget "Project19" */;
			buildPhases = (
				3180A3681F15828B006A4628 /* Sources */,
				3180A3691F15828B006A4628 /* Frameworks */,
				3180A36A1F15828B006A4628 /* Resources */,
			);
			buildRules = (
			);
			dependencies = (
			);
			name = Project19;
			productName = Project19;
			productReference = 3180A36C1F15828B006A4628 /* Project19.app */;
			productType = "com.apple.product-type.application";
		};
/* End PBXNativeTarget section */

/* Begin PBXProject section */
		3180A3641F15828B006A4628 /* Project object */ = {
			isa = PBXProject;
			attributes = {
				LastSwiftUpdateCheck = 0830;
				LastUpgradeCheck = 0830;
				ORGANIZATIONNAME = "Juan Garcia";
				TargetAttributes = {
					3180A36B1F15828B006A4628 = {
						CreatedOnToolsVersion = 8.3.3;
						ProvisioningStyle = Automatic;
						SystemCapabilities = {
							com.apple.Maps.iOS = {
								enabled = 1;
							};
						};
					};
				};
			};
			buildConfigurationList = 3180A3671F15828B006A4628 /* Build configuration list for PBXProject "Project19" */;
			compatibilityVersion = "Xcode 3.2";
			developmentRegion = English;
			hasScannedForEncodings = 0;
			knownRegions = (
				en,
				Base,
			);
			mainGroup = 3180A3631F15828B006A4628;
			productRefGroup = 3180A36D1F15828B006A4628 /* Products */;
			projectDirPath = "";
			projectRoot = "";
			targets = (
				3180A36B1F15828B006A4628 /* Project19 */,
			);
		};
/* End PBXProject section */

/* Begin PBXResourcesBuildPhase section */
		3180A36A1F15828B006A4628 /* Resources */ = {
			isa = PBXResourcesBuildPhase;
			buildActionMask = 2147483647;
			files = (
				3180A37A1F15828B006A4628 /* LaunchScreen.storyboard in Resources */,
				3180A3771F15828B006A4628 /* Assets.xcassets in Resources */,
				3180A3751F15828B006A4628 /* Main.storyboard in Resources */,
			);
			runOnlyForDeploymentPostprocessing = 0;
		};
/* End PBXResourcesBuildPhase section */

/* Begin PBXSourcesBuildPhase section */
		3180A3681F15828B006A4628 /* Sources */ = {
			isa = PBXSourcesBuildPhase;
			buildActionMask = 2147483647;
			files = (
				3180A3721F15828B006A4628 /* ViewController.swift in Sources */,
				3180A3701F15828B006A4628 /* AppDelegate.swift in Sources */,
				3180A3851F1586C4006A4628 /* Capital.swift in Sources */,
			);
			runOnlyForDeploymentPostprocessing = 0;
		};
/* End PBXSourcesBuildPhase section */

/* Begin PBXVariantGroup section */
		3180A3731F15828B006A4628 /* Main.storyboard */ = {
			isa = PBXVariantGroup;
			children = (
				3180A3741F15828B006A4628 /* Base */,
			);
			name = Main.storyboard;
			sourceTree = "<group>";
		};
		3180A3781F15828B006A4628 /* LaunchScreen.storyboard */ = {
			isa = PBXVariantGroup;
			children = (
				3180A3791F15828B006A4628 /* Base */,
			);
			name = LaunchScreen.storyboard;
			sourceTree = "<group>";
		};
/* End PBXVariantGroup section */

/* Begin XCBuildConfiguration section */
		3180A37C1F15828B006A4628 /* Debug */ = {
			isa = XCBuildConfiguration;
			buildSettings = {
				ALWAYS_SEARCH_USER_PATHS = NO;
				CLANG_ANALYZER_NONNULL = YES;
				CLANG_ANALYZER_NUMBER_OBJECT_CONVERSION = YES_AGGRESSIVE;
				CLANG_CXX_LANGUAGE_STANDARD = "gnu++0x";
				CLANG_CXX_LIBRARY = "libc++";
				CLANG_ENABLE_MODULES = YES;
				CLANG_ENABLE_OBJC_ARC = YES;
				CLANG_WARN_BOOL_CONVERSION = YES;
				CLANG_WARN_CONSTANT_CONVERSION = YES;
				CLANG_WARN_DIRECT_OBJC_ISA_USAGE = YES_ERROR;
				CLANG_WARN_DOCUMENTATION_COMMENTS = YES;
				CLANG_WARN_EMPTY_BODY = YES;
				CLANG_WARN_ENUM_CONVERSION = YES;
				CLANG_WARN_INFINITE_RECURSION = YES;
				CLANG_WARN_INT_CONVERSION = YES;
				CLANG_WARN_OBJC_ROOT_CLASS = YES_ERROR;
				CLANG_WARN_SUSPICIOUS_MOVE = YES;
				CLANG_WARN_UNREACHABLE_CODE = YES;
				CLANG_WARN__DUPLICATE_METHOD_MATCH = YES;
				"CODE_SIGN_IDENTITY[sdk=iphoneos*]" = "iPhone Developer";
				COPY_PHASE_STRIP = NO;
				DEBUG_INFORMATION_FORMAT = dwarf;
				ENABLE_STRICT_OBJC_MSGSEND = YES;
				ENABLE_TESTABILITY = YES;
				GCC_C_LANGUAGE_STANDARD = gnu99;
				GCC_DYNAMIC_NO_PIC = NO;
				GCC_NO_COMMON_BLOCKS = YES;
				GCC_OPTIMIZATION_LEVEL = 0;
				GCC_PREPROCESSOR_DEFINITIONS = (
					"DEBUG=1",
					"$(inherited)",
				);
				GCC_WARN_64_TO_32_BIT_CONVERSION = YES;
				GCC_WARN_ABOUT_RETURN_TYPE = YES_ERROR;
				GCC_WARN_UNDECLARED_SELECTOR = YES;
				GCC_WARN_UNINITIALIZED_AUTOS = YES_AGGRESSIVE;
				GCC_WARN_UNUSED_FUNCTION = YES;
				GCC_WARN_UNUSED_VARIABLE = YES;
				IPHONEOS_DEPLOYMENT_TARGET = 10.3;
				MTL_ENABLE_DEBUG_INFO = YES;
				ONLY_ACTIVE_ARCH = YES;
				SDKROOT = iphoneos;
				SWIFT_ACTIVE_COMPILATION_CONDITIONS = DEBUG;
				SWIFT_OPTIMIZATION_LEVEL = "-Onone";
			};
			name = Debug;
		};
		3180A37D1F15828B006A4628 /* Release */ = {
			isa = XCBuildConfiguration;
			buildSettings = {
				ALWAYS_SEARCH_USER_PATHS = NO;
				CLANG_ANALYZER_NONNULL = YES;
				CLANG_ANALYZER_NUMBER_OBJECT_CONVERSION = YES_AGGRESSIVE;
				CLANG_CXX_LANGUAGE_STANDARD = "gnu++0x";
				CLANG_CXX_LIBRARY = "libc++";
				CLANG_ENABLE_MODULES = YES;
				CLANG_ENABLE_OBJC_ARC = YES;
				CLANG_WARN_BOOL_CONVERSION = YES;
				CLANG_WARN_CONSTANT_CONVERSION = YES;
				CLANG_WARN_DIRECT_OBJC_ISA_USAGE = YES_ERROR;
				CLANG_WARN_DOCUMENTATION_COMMENTS = YES;
				CLANG_WARN_EMPTY_BODY = YES;
				CLANG_WARN_ENUM_CONVERSION = YES;
				CLANG_WARN_INFINITE_RECURSION = YES;
				CLANG_WARN_INT_CONVERSION = YES;
				CLANG_WARN_OBJC_ROOT_CLASS = YES_ERROR;
				CLANG_WARN_SUSPICIOUS_MOVE = YES;
				CLANG_WARN_UNREACHABLE_CODE = YES;
				CLANG_WARN__DUPLICATE_METHOD_MATCH = YES;
				"CODE_SIGN_IDENTITY[sdk=iphoneos*]" = "iPhone Developer";
				COPY_PHASE_STRIP = NO;
				DEBUG_INFORMATION_FORMAT = "dwarf-with-dsym";
				ENABLE_NS_ASSERTIONS = NO;
				ENABLE_STRICT_OBJC_MSGSEND = YES;
				GCC_C_LANGUAGE_STANDARD = gnu99;
				GCC_NO_COMMON_BLOCKS = YES;
				GCC_WARN_64_TO_32_BIT_CONVERSION = YES;
				GCC_WARN_ABOUT_RETURN_TYPE = YES_ERROR;
				GCC_WARN_UNDECLARED_SELECTOR = YES;
				GCC_WARN_UNINITIALIZED_AUTOS = YES_AGGRESSIVE;
				GCC_WARN_UNUSED_FUNCTION = YES;
				GCC_WARN_UNUSED_VARIABLE = YES;
				IPHONEOS_DEPLOYMENT_TARGET = 10.3;
				MTL_ENABLE_DEBUG_INFO = NO;
				SDKROOT = iphoneos;
				SWIFT_OPTIMIZATION_LEVEL = "-Owholemodule";
				VALIDATE_PRODUCT = YES;
			};
			name = Release;
		};
		3180A37F1F15828B006A4628 /* Debug */ = {
			isa = XCBuildConfiguration;
			buildSettings = {
				ASSETCATALOG_COMPILER_APPICON_NAME = AppIcon;
				INFOPLIST_FILE = Project19/Info.plist;
				LD_RUNPATH_SEARCH_PATHS = "$(inherited) @executable_path/Frameworks";
				PRODUCT_BUNDLE_IDENTIFIER = com.tekdrake.Project19;
				PRODUCT_NAME = "$(TARGET_NAME)";
				SWIFT_VERSION = 3.0;
			};
			name = Debug;
		};
		3180A3801F15828B006A4628 /* Release */ = {
			isa = XCBuildConfiguration;
			buildSettings = {
				ASSETCATALOG_COMPILER_APPICON_NAME = AppIcon;
				INFOPLIST_FILE = Project19/Info.plist;
				LD_RUNPATH_SEARCH_PATHS = "$(inherited) @executable_path/Frameworks";
				PRODUCT_BUNDLE_IDENTIFIER = com.tekdrake.Project19;
				PRODUCT_NAME = "$(TARGET_NAME)";
				SWIFT_VERSION = 3.0;
			};
			name = Release;
		};
/* End XCBuildConfiguration section */

/* Begin XCConfigurationList section */
		3180A3671F15828B006A4628 /* Build configuration list for PBXProject "Project19" */ = {
			isa = XCConfigurationList;
			buildConfigurations = (
				3180A37C1F15828B006A4628 /* Debug */,
				3180A37D1F15828B006A4628 /* Release */,
			);
			defaultConfigurationIsVisible = 0;
			defaultConfigurationName = Release;
		};
		3180A37E1F15828B006A4628 /* Build configuration list for PBXNativeTarget "Project19" */ = {
			isa = XCConfigurationList;
			buildConfigurations = (
				3180A37F1F15828B006A4628 /* Debug */,
				3180A3801F15828B006A4628 /* Release */,
			);
			defaultConfigurationIsVisible = 0;
		};
/* End XCConfigurationList section */
	};
	rootObject = 3180A3641F15828B006A4628 /* Project object */;
}
