// !$*UTF8*$!
{
	archiveVersion = 1;
	classes = {
	};
	objectVersion = 48;
	objects = {

/* Begin PBXBuildFile section */
		31281E4E2023B17D006E99B7 /* AppDelegate.swift in Sources */ = {isa = PBXBuildFile; fileRef = 31281E4D2023B17D006E99B7 /* AppDelegate.swift */; };
		31281E502023B17D006E99B7 /* ViewController.swift in Sources */ = {isa = PBXBuildFile; fileRef = 31281E4F2023B17D006E99B7 /* ViewController.swift */; };
		31281E532023B17D006E99B7 /* Main.storyboard in Resources */ = {isa = PBXBuildFile; fileRef = 31281E512023B17D006E99B7 /* Main.storyboard */; };
		31281E552023B17D006E99B7 /* Assets.xcassets in Resources */ = {isa = PBXBuildFile; fileRef = 31281E542023B17D006E99B7 /* Assets.xcassets */; };
		31281E582023B17D006E99B7 /* LaunchScreen.storyboard in Resources */ = {isa = PBXBuildFile; fileRef = 31281E562023B17D006E99B7 /* LaunchScreen.storyboard */; };
		31281E632023B17D006E99B7 /* Project39Tests.swift in Sources */ = {isa = PBXBuildFile; fileRef = 31281E622023B17D006E99B7 /* Project39Tests.swift */; };
		31281E6E2023B17D006E99B7 /* Project39UITests.swift in Sources */ = {isa = PBXBuildFile; fileRef = 31281E6D2023B17D006E99B7 /* Project39UITests.swift */; };
		31281E7D20240018006E99B7 /* plays.txt in Resources */ = {isa = PBXBuildFile; fileRef = 31281E7C20240018006E99B7 /* plays.txt */; };
		31281E7F2024B0A5006E99B7 /* PlayData.swift in Sources */ = {isa = PBXBuildFile; fileRef = 31281E7E2024B0A5006E99B7 /* PlayData.swift */; };
/* End PBXBuildFile section */

/* Begin PBXContainerItemProxy section */
		31281E5F2023B17D006E99B7 /* PBXContainerItemProxy */ = {
			isa = PBXContainerItemProxy;
			containerPortal = 31281E422023B17D006E99B7 /* Project object */;
			proxyType = 1;
			remoteGlobalIDString = 31281E492023B17D006E99B7;
			remoteInfo = Project39;
		};
		31281E6A2023B17D006E99B7 /* PBXContainerItemProxy */ = {
			isa = PBXContainerItemProxy;
			containerPortal = 31281E422023B17D006E99B7 /* Project object */;
			proxyType = 1;
			remoteGlobalIDString = 31281E492023B17D006E99B7;
			remoteInfo = Project39;
		};
/* End PBXContainerItemProxy section */

/* Begin PBXFileReference section */
		31281E4A2023B17D006E99B7 /* Project39.app */ = {isa = PBXFileReference; explicitFileType = wrapper.application; includeInIndex = 0; path = Project39.app; sourceTree = BUILT_PRODUCTS_DIR; };
		31281E4D2023B17D006E99B7 /* AppDelegate.swift */ = {isa = PBXFileReference; lastKnownFileType = sourcecode.swift; path = AppDelegate.swift; sourceTree = "<group>"; };
		31281E4F2023B17D006E99B7 /* ViewController.swift */ = {isa = PBXFileReference; lastKnownFileType = sourcecode.swift; path = ViewController.swift; sourceTree = "<group>"; };
		31281E522023B17D006E99B7 /* Base */ = {isa = PBXFileReference; lastKnownFileType = file.storyboard; name = Base; path = Base.lproj/Main.storyboard; sourceTree = "<group>"; };
		31281E542023B17D006E99B7 /* Assets.xcassets */ = {isa = PBXFileReference; lastKnownFileType = folder.assetcatalog; path = Assets.xcassets; sourceTree = "<group>"; };
		31281E572023B17D006E99B7 /* Base */ = {isa = PBXFileReference; lastKnownFileType = file.storyboard; name = Base; path = Base.lproj/LaunchScreen.storyboard; sourceTree = "<group>"; };
		31281E592023B17D006E99B7 /* Info.plist */ = {isa = PBXFileReference; lastKnownFileType = text.plist.xml; path = Info.plist; sourceTree = "<group>"; };
		31281E5E2023B17D006E99B7 /* Project39Tests.xctest */ = {isa = PBXFileReference; explicitFileType = wrapper.cfbundle; includeInIndex = 0; path = Project39Tests.xctest; sourceTree = BUILT_PRODUCTS_DIR; };
		31281E622023B17D006E99B7 /* Project39Tests.swift */ = {isa = PBXFileReference; lastKnownFileType = sourcecode.swift; path = Project39Tests.swift; sourceTree = "<group>"; };
		31281E642023B17D006E99B7 /* Info.plist */ = {isa = PBXFileReference; lastKnownFileType = text.plist.xml; path = Info.plist; sourceTree = "<group>"; };
		31281E692023B17D006E99B7 /* Project39UITests.xctest */ = {isa = PBXFileReference; explicitFileType = wrapper.cfbundle; includeInIndex = 0; path = Project39UITests.xctest; sourceTree = BUILT_PRODUCTS_DIR; };
		31281E6D2023B17D006E99B7 /* Project39UITests.swift */ = {isa = PBXFileReference; lastKnownFileType = sourcecode.swift; path = Project39UITests.swift; sourceTree = "<group>"; };
		31281E6F2023B17D006E99B7 /* Info.plist */ = {isa = PBXFileReference; lastKnownFileType = text.plist.xml; path = Info.plist; sourceTree = "<group>"; };
		31281E7C20240018006E99B7 /* plays.txt */ = {isa = PBXFileReference; fileEncoding = 4; lastKnownFileType = text; path = plays.txt; sourceTree = "<group>"; };
		31281E7E2024B0A5006E99B7 /* PlayData.swift */ = {isa = PBXFileReference; lastKnownFileType = sourcecode.swift; path = PlayData.swift; sourceTree = "<group>"; };
/* End PBXFileReference section */

/* Begin PBXFrameworksBuildPhase section */
		31281E472023B17D006E99B7 /* Frameworks */ = {
			isa = PBXFrameworksBuildPhase;
			buildActionMask = 2147483647;
			files = (
			);
			runOnlyForDeploymentPostprocessing = 0;
		};
		31281E5B2023B17D006E99B7 /* Frameworks */ = {
			isa = PBXFrameworksBuildPhase;
			buildActionMask = 2147483647;
			files = (
			);
			runOnlyForDeploymentPostprocessing = 0;
		};
		31281E662023B17D006E99B7 /* Frameworks */ = {
			isa = PBXFrameworksBuildPhase;
			buildActionMask = 2147483647;
			files = (
			);
			runOnlyForDeploymentPostprocessing = 0;
		};
/* End PBXFrameworksBuildPhase section */

/* Begin PBXGroup section */
		31281E412023B17D006E99B7 = {
			isa = PBXGroup;
			children = (
				31281E4C2023B17D006E99B7 /* Project39 */,
				31281E612023B17D006E99B7 /* Project39Tests */,
				31281E6C2023B17D006E99B7 /* Project39UITests */,
				31281E4B2023B17D006E99B7 /* Products */,
			);
			sourceTree = "<group>";
		};
		31281E4B2023B17D006E99B7 /* Products */ = {
			isa = PBXGroup;
			children = (
				31281E4A2023B17D006E99B7 /* Project39.app */,
				31281E5E2023B17D006E99B7 /* Project39Tests.xctest */,
				31281E692023B17D006E99B7 /* Project39UITests.xctest */,
			);
			name = Products;
			sourceTree = "<group>";
		};
		31281E4C2023B17D006E99B7 /* Project39 */ = {
			isa = PBXGroup;
			children = (
				31281E802024D5E2006E99B7 /* Entities */,
				31281E7B20240007006E99B7 /* Utilities */,
				31281E4D2023B17D006E99B7 /* AppDelegate.swift */,
				31281E4F2023B17D006E99B7 /* ViewController.swift */,
				31281E512023B17D006E99B7 /* Main.storyboard */,
				31281E542023B17D006E99B7 /* Assets.xcassets */,
				31281E562023B17D006E99B7 /* LaunchScreen.storyboard */,
				31281E592023B17D006E99B7 /* Info.plist */,
			);
			path = Project39;
			sourceTree = "<group>";
		};
		31281E612023B17D006E99B7 /* Project39Tests */ = {
			isa = PBXGroup;
			children = (
				31281E622023B17D006E99B7 /* Project39Tests.swift */,
				31281E642023B17D006E99B7 /* Info.plist */,
			);
			path = Project39Tests;
			sourceTree = "<group>";
		};
		31281E6C2023B17D006E99B7 /* Project39UITests */ = {
			isa = PBXGroup;
			children = (
				31281E6D2023B17D006E99B7 /* Project39UITests.swift */,
				31281E6F2023B17D006E99B7 /* Info.plist */,
			);
			path = Project39UITests;
			sourceTree = "<group>";
		};
		31281E7B20240007006E99B7 /* Utilities */ = {
			isa = PBXGroup;
			children = (
				31281E7C20240018006E99B7 /* plays.txt */,
			);
			path = Utilities;
			sourceTree = "<group>";
		};
		31281E802024D5E2006E99B7 /* Entities */ = {
			isa = PBXGroup;
			children = (
				31281E7E2024B0A5006E99B7 /* PlayData.swift */,
			);
			path = Entities;
			sourceTree = "<group>";
		};
/* End PBXGroup section */

/* Begin PBXNativeTarget section */
		31281E492023B17D006E99B7 /* Project39 */ = {
			isa = PBXNativeTarget;
			buildConfigurationList = 31281E722023B17D006E99B7 /* Build configuration list for PBXNativeTarget "Project39" */;
			buildPhases = (
				31281E462023B17D006E99B7 /* Sources */,
				31281E472023B17D006E99B7 /* Frameworks */,
				31281E482023B17D006E99B7 /* Resources */,
			);
			buildRules = (
			);
			dependencies = (
			);
			name = Project39;
			productName = Project39;
			productReference = 31281E4A2023B17D006E99B7 /* Project39.app */;
			productType = "com.apple.product-type.application";
		};
		31281E5D2023B17D006E99B7 /* Project39Tests */ = {
			isa = PBXNativeTarget;
			buildConfigurationList = 31281E752023B17D006E99B7 /* Build configuration list for PBXNativeTarget "Project39Tests" */;
			buildPhases = (
				31281E5A2023B17D006E99B7 /* Sources */,
				31281E5B2023B17D006E99B7 /* Frameworks */,
				31281E5C2023B17D006E99B7 /* Resources */,
			);
			buildRules = (
			);
			dependencies = (
				31281E602023B17D006E99B7 /* PBXTargetDependency */,
			);
			name = Project39Tests;
			productName = Project39Tests;
			productReference = 31281E5E2023B17D006E99B7 /* Project39Tests.xctest */;
			productType = "com.apple.product-type.bundle.unit-test";
		};
		31281E682023B17D006E99B7 /* Project39UITests */ = {
			isa = PBXNativeTarget;
			buildConfigurationList = 31281E782023B17D006E99B7 /* Build configuration list for PBXNativeTarget "Project39UITests" */;
			buildPhases = (
				31281E652023B17D006E99B7 /* Sources */,
				31281E662023B17D006E99B7 /* Frameworks */,
				31281E672023B17D006E99B7 /* Resources */,
			);
			buildRules = (
			);
			dependencies = (
				31281E6B2023B17D006E99B7 /* PBXTargetDependency */,
			);
			name = Project39UITests;
			productName = Project39UITests;
			productReference = 31281E692023B17D006E99B7 /* Project39UITests.xctest */;
			productType = "com.apple.product-type.bundle.ui-testing";
		};
/* End PBXNativeTarget section */

/* Begin PBXProject section */
		31281E422023B17D006E99B7 /* Project object */ = {
			isa = PBXProject;
			attributes = {
				LastSwiftUpdateCheck = 0920;
				LastUpgradeCheck = 0920;
				ORGANIZATIONNAME = "Juan Garcia";
				TargetAttributes = {
					31281E492023B17D006E99B7 = {
						CreatedOnToolsVersion = 9.2;
						ProvisioningStyle = Automatic;
					};
					31281E5D2023B17D006E99B7 = {
						CreatedOnToolsVersion = 9.2;
						ProvisioningStyle = Automatic;
						TestTargetID = 31281E492023B17D006E99B7;
					};
					31281E682023B17D006E99B7 = {
						CreatedOnToolsVersion = 9.2;
						ProvisioningStyle = Automatic;
						TestTargetID = 31281E492023B17D006E99B7;
					};
				};
			};
			buildConfigurationList = 31281E452023B17D006E99B7 /* Build configuration list for PBXProject "Project39" */;
			compatibilityVersion = "Xcode 8.0";
			developmentRegion = en;
			hasScannedForEncodings = 0;
			knownRegions = (
				en,
				Base,
			);
			mainGroup = 31281E412023B17D006E99B7;
			productRefGroup = 31281E4B2023B17D006E99B7 /* Products */;
			projectDirPath = "";
			projectRoot = "";
			targets = (
				31281E492023B17D006E99B7 /* Project39 */,
				31281E5D2023B17D006E99B7 /* Project39Tests */,
				31281E682023B17D006E99B7 /* Project39UITests */,
			);
		};
/* End PBXProject section */

/* Begin PBXResourcesBuildPhase section */
		31281E482023B17D006E99B7 /* Resources */ = {
			isa = PBXResourcesBuildPhase;
			buildActionMask = 2147483647;
			files = (
				31281E7D20240018006E99B7 /* plays.txt in Resources */,
				31281E582023B17D006E99B7 /* LaunchScreen.storyboard in Resources */,
				31281E552023B17D006E99B7 /* Assets.xcassets in Resources */,
				31281E532023B17D006E99B7 /* Main.storyboard in Resources */,
			);
			runOnlyForDeploymentPostprocessing = 0;
		};
		31281E5C2023B17D006E99B7 /* Resources */ = {
			isa = PBXResourcesBuildPhase;
			buildActionMask = 2147483647;
			files = (
			);
			runOnlyForDeploymentPostprocessing = 0;
		};
		31281E672023B17D006E99B7 /* Resources */ = {
			isa = PBXResourcesBuildPhase;
			buildActionMask = 2147483647;
			files = (
			);
			runOnlyForDeploymentPostprocessing = 0;
		};
/* End PBXResourcesBuildPhase section */

/* Begin PBXSourcesBuildPhase section */
		31281E462023B17D006E99B7 /* Sources */ = {
			isa = PBXSourcesBuildPhase;
			buildActionMask = 2147483647;
			files = (
				31281E7F2024B0A5006E99B7 /* PlayData.swift in Sources */,
				31281E502023B17D006E99B7 /* ViewController.swift in Sources */,
				31281E4E2023B17D006E99B7 /* AppDelegate.swift in Sources */,
			);
			runOnlyForDeploymentPostprocessing = 0;
		};
		31281E5A2023B17D006E99B7 /* Sources */ = {
			isa = PBXSourcesBuildPhase;
			buildActionMask = 2147483647;
			files = (
				31281E632023B17D006E99B7 /* Project39Tests.swift in Sources */,
			);
			runOnlyForDeploymentPostprocessing = 0;
		};
		31281E652023B17D006E99B7 /* Sources */ = {
			isa = PBXSourcesBuildPhase;
			buildActionMask = 2147483647;
			files = (
				31281E6E2023B17D006E99B7 /* Project39UITests.swift in Sources */,
			);
			runOnlyForDeploymentPostprocessing = 0;
		};
/* End PBXSourcesBuildPhase section */

/* Begin PBXTargetDependency section */
		31281E602023B17D006E99B7 /* PBXTargetDependency */ = {
			isa = PBXTargetDependency;
			target = 31281E492023B17D006E99B7 /* Project39 */;
			targetProxy = 31281E5F2023B17D006E99B7 /* PBXContainerItemProxy */;
		};
		31281E6B2023B17D006E99B7 /* PBXTargetDependency */ = {
			isa = PBXTargetDependency;
			target = 31281E492023B17D006E99B7 /* Project39 */;
			targetProxy = 31281E6A2023B17D006E99B7 /* PBXContainerItemProxy */;
		};
/* End PBXTargetDependency section */

/* Begin PBXVariantGroup section */
		31281E512023B17D006E99B7 /* Main.storyboard */ = {
			isa = PBXVariantGroup;
			children = (
				31281E522023B17D006E99B7 /* Base */,
			);
			name = Main.storyboard;
			sourceTree = "<group>";
		};
		31281E562023B17D006E99B7 /* LaunchScreen.storyboard */ = {
			isa = PBXVariantGroup;
			children = (
				31281E572023B17D006E99B7 /* Base */,
			);
			name = LaunchScreen.storyboard;
			sourceTree = "<group>";
		};
/* End PBXVariantGroup section */

/* Begin XCBuildConfiguration section */
		31281E702023B17D006E99B7 /* Debug */ = {
			isa = XCBuildConfiguration;
			buildSettings = {
				ALWAYS_SEARCH_USER_PATHS = NO;
				CLANG_ANALYZER_NONNULL = YES;
				CLANG_ANALYZER_NUMBER_OBJECT_CONVERSION = YES_AGGRESSIVE;
				CLANG_CXX_LANGUAGE_STANDARD = "gnu++14";
				CLANG_CXX_LIBRARY = "libc++";
				CLANG_ENABLE_MODULES = YES;
				CLANG_ENABLE_OBJC_ARC = YES;
				CLANG_WARN_BLOCK_CAPTURE_AUTORELEASING = YES;
				CLANG_WARN_BOOL_CONVERSION = YES;
				CLANG_WARN_COMMA = YES;
				CLANG_WARN_CONSTANT_CONVERSION = YES;
				CLANG_WARN_DIRECT_OBJC_ISA_USAGE = YES_ERROR;
				CLANG_WARN_DOCUMENTATION_COMMENTS = YES;
				CLANG_WARN_EMPTY_BODY = YES;
				CLANG_WARN_ENUM_CONVERSION = YES;
				CLANG_WARN_INFINITE_RECURSION = YES;
				CLANG_WARN_INT_CONVERSION = YES;
				CLANG_WARN_NON_LITERAL_NULL_CONVERSION = YES;
				CLANG_WARN_OBJC_LITERAL_CONVERSION = YES;
				CLANG_WARN_OBJC_ROOT_CLASS = YES_ERROR;
				CLANG_WARN_RANGE_LOOP_ANALYSIS = YES;
				CLANG_WARN_STRICT_PROTOTYPES = YES;
				CLANG_WARN_SUSPICIOUS_MOVE = YES;
				CLANG_WARN_UNGUARDED_AVAILABILITY = YES_AGGRESSIVE;
				CLANG_WARN_UNREACHABLE_CODE = YES;
				CLANG_WARN__DUPLICATE_METHOD_MATCH = YES;
				CODE_SIGN_IDENTITY = "iPhone Developer";
				COPY_PHASE_STRIP = NO;
				DEBUG_INFORMATION_FORMAT = dwarf;
				ENABLE_STRICT_OBJC_MSGSEND = YES;
				ENABLE_TESTABILITY = YES;
				GCC_C_LANGUAGE_STANDARD = gnu11;
				GCC_DYNAMIC_NO_PIC = NO;
				GCC_NO_COMMON_BLOCKS = YES;
				GCC_OPTIMIZATION_LEVEL = 0;
				GCC_PREPROCESSOR_DEFINITIONS = (
					"DEBUG=1",
					"$(inherited)",
				);
				GCC_WARN_64_TO_32_BIT_CONVERSION = YES;
				GCC_WARN_ABOUT_RETURN_TYPE = YES_ERROR;
				GCC_WARN_UNDECLARED_SELECTOR = YES;
				GCC_WARN_UNINITIALIZED_AUTOS = YES_AGGRESSIVE;
				GCC_WARN_UNUSED_FUNCTION = YES;
				GCC_WARN_UNUSED_VARIABLE = YES;
				IPHONEOS_DEPLOYMENT_TARGET = 11.2;
				MTL_ENABLE_DEBUG_INFO = YES;
				ONLY_ACTIVE_ARCH = YES;
				SDKROOT = iphoneos;
				SWIFT_ACTIVE_COMPILATION_CONDITIONS = DEBUG;
				SWIFT_OPTIMIZATION_LEVEL = "-Onone";
			};
			name = Debug;
		};
		31281E712023B17D006E99B7 /* Release */ = {
			isa = XCBuildConfiguration;
			buildSettings = {
				ALWAYS_SEARCH_USER_PATHS = NO;
				CLANG_ANALYZER_NONNULL = YES;
				CLANG_ANALYZER_NUMBER_OBJECT_CONVERSION = YES_AGGRESSIVE;
				CLANG_CXX_LANGUAGE_STANDARD = "gnu++14";
				CLANG_CXX_LIBRARY = "libc++";
				CLANG_ENABLE_MODULES = YES;
				CLANG_ENABLE_OBJC_ARC = YES;
				CLANG_WARN_BLOCK_CAPTURE_AUTORELEASING = YES;
				CLANG_WARN_BOOL_CONVERSION = YES;
				CLANG_WARN_COMMA = YES;
				CLANG_WARN_CONSTANT_CONVERSION = YES;
				CLANG_WARN_DIRECT_OBJC_ISA_USAGE = YES_ERROR;
				CLANG_WARN_DOCUMENTATION_COMMENTS = YES;
				CLANG_WARN_EMPTY_BODY = YES;
				CLANG_WARN_ENUM_CONVERSION = YES;
				CLANG_WARN_INFINITE_RECURSION = YES;
				CLANG_WARN_INT_CONVERSION = YES;
				CLANG_WARN_NON_LITERAL_NULL_CONVERSION = YES;
				CLANG_WARN_OBJC_LITERAL_CONVERSION = YES;
				CLANG_WARN_OBJC_ROOT_CLASS = YES_ERROR;
				CLANG_WARN_RANGE_LOOP_ANALYSIS = YES;
				CLANG_WARN_STRICT_PROTOTYPES = YES;
				CLANG_WARN_SUSPICIOUS_MOVE = YES;
				CLANG_WARN_UNGUARDED_AVAILABILITY = YES_AGGRESSIVE;
				CLANG_WARN_UNREACHABLE_CODE = YES;
				CLANG_WARN__DUPLICATE_METHOD_MATCH = YES;
				CODE_SIGN_IDENTITY = "iPhone Developer";
				COPY_PHASE_STRIP = NO;
				DEBUG_INFORMATION_FORMAT = "dwarf-with-dsym";
				ENABLE_NS_ASSERTIONS = NO;
				ENABLE_STRICT_OBJC_MSGSEND = YES;
				GCC_C_LANGUAGE_STANDARD = gnu11;
				GCC_NO_COMMON_BLOCKS = YES;
				GCC_WARN_64_TO_32_BIT_CONVERSION = YES;
				GCC_WARN_ABOUT_RETURN_TYPE = YES_ERROR;
				GCC_WARN_UNDECLARED_SELECTOR = YES;
				GCC_WARN_UNINITIALIZED_AUTOS = YES_AGGRESSIVE;
				GCC_WARN_UNUSED_FUNCTION = YES;
				GCC_WARN_UNUSED_VARIABLE = YES;
				IPHONEOS_DEPLOYMENT_TARGET = 11.2;
				MTL_ENABLE_DEBUG_INFO = NO;
				SDKROOT = iphoneos;
				SWIFT_OPTIMIZATION_LEVEL = "-Owholemodule";
				VALIDATE_PRODUCT = YES;
			};
			name = Release;
		};
		31281E732023B17D006E99B7 /* Debug */ = {
			isa = XCBuildConfiguration;
			buildSettings = {
				ASSETCATALOG_COMPILER_APPICON_NAME = AppIcon;
				CODE_SIGN_STYLE = Automatic;
				INFOPLIST_FILE = Project39/Info.plist;
				LD_RUNPATH_SEARCH_PATHS = "$(inherited) @executable_path/Frameworks";
				PRODUCT_BUNDLE_IDENTIFIER = Personal.Project39;
				PRODUCT_NAME = "$(TARGET_NAME)";
				SWIFT_VERSION = 4.0;
				TARGETED_DEVICE_FAMILY = "1,2";
			};
			name = Debug;
		};
		31281E742023B17D006E99B7 /* Release */ = {
			isa = XCBuildConfiguration;
			buildSettings = {
				ASSETCATALOG_COMPILER_APPICON_NAME = AppIcon;
				CODE_SIGN_STYLE = Automatic;
				INFOPLIST_FILE = Project39/Info.plist;
				LD_RUNPATH_SEARCH_PATHS = "$(inherited) @executable_path/Frameworks";
				PRODUCT_BUNDLE_IDENTIFIER = Personal.Project39;
				PRODUCT_NAME = "$(TARGET_NAME)";
				SWIFT_VERSION = 4.0;
				TARGETED_DEVICE_FAMILY = "1,2";
			};
			name = Release;
		};
		31281E762023B17D006E99B7 /* Debug */ = {
			isa = XCBuildConfiguration;
			buildSettings = {
				ALWAYS_EMBED_SWIFT_STANDARD_LIBRARIES = YES;
				BUNDLE_LOADER = "$(TEST_HOST)";
				CODE_SIGN_STYLE = Automatic;
				INFOPLIST_FILE = Project39Tests/Info.plist;
				LD_RUNPATH_SEARCH_PATHS = "$(inherited) @executable_path/Frameworks @loader_path/Frameworks";
				PRODUCT_BUNDLE_IDENTIFIER = Personal.Project39Tests;
				PRODUCT_NAME = "$(TARGET_NAME)";
				SWIFT_VERSION = 4.0;
				TARGETED_DEVICE_FAMILY = "1,2";
				TEST_HOST = "$(BUILT_PRODUCTS_DIR)/Project39.app/Project39";
			};
			name = Debug;
		};
		31281E772023B17D006E99B7 /* Release */ = {
			isa = XCBuildConfiguration;
			buildSettings = {
				ALWAYS_EMBED_SWIFT_STANDARD_LIBRARIES = YES;
				BUNDLE_LOADER = "$(TEST_HOST)";
				CODE_SIGN_STYLE = Automatic;
				INFOPLIST_FILE = Project39Tests/Info.plist;
				LD_RUNPATH_SEARCH_PATHS = "$(inherited) @executable_path/Frameworks @loader_path/Frameworks";
				PRODUCT_BUNDLE_IDENTIFIER = Personal.Project39Tests;
				PRODUCT_NAME = "$(TARGET_NAME)";
				SWIFT_VERSION = 4.0;
				TARGETED_DEVICE_FAMILY = "1,2";
				TEST_HOST = "$(BUILT_PRODUCTS_DIR)/Project39.app/Project39";
			};
			name = Release;
		};
		31281E792023B17D006E99B7 /* Debug */ = {
			isa = XCBuildConfiguration;
			buildSettings = {
				ALWAYS_EMBED_SWIFT_STANDARD_LIBRARIES = YES;
				CODE_SIGN_STYLE = Automatic;
				INFOPLIST_FILE = Project39UITests/Info.plist;
				LD_RUNPATH_SEARCH_PATHS = "$(inherited) @executable_path/Frameworks @loader_path/Frameworks";
				PRODUCT_BUNDLE_IDENTIFIER = Personal.Project39UITests;
				PRODUCT_NAME = "$(TARGET_NAME)";
				SWIFT_VERSION = 4.0;
				TARGETED_DEVICE_FAMILY = "1,2";
				TEST_TARGET_NAME = Project39;
			};
			name = Debug;
		};
		31281E7A2023B17D006E99B7 /* Release */ = {
			isa = XCBuildConfiguration;
			buildSettings = {
				ALWAYS_EMBED_SWIFT_STANDARD_LIBRARIES = YES;
				CODE_SIGN_STYLE = Automatic;
				INFOPLIST_FILE = Project39UITests/Info.plist;
				LD_RUNPATH_SEARCH_PATHS = "$(inherited) @executable_path/Frameworks @loader_path/Frameworks";
				PRODUCT_BUNDLE_IDENTIFIER = Personal.Project39UITests;
				PRODUCT_NAME = "$(TARGET_NAME)";
				SWIFT_VERSION = 4.0;
				TARGETED_DEVICE_FAMILY = "1,2";
				TEST_TARGET_NAME = Project39;
			};
			name = Release;
		};
/* End XCBuildConfiguration section */

/* Begin XCConfigurationList section */
		31281E452023B17D006E99B7 /* Build configuration list for PBXProject "Project39" */ = {
			isa = XCConfigurationList;
			buildConfigurations = (
				31281E702023B17D006E99B7 /* Debug */,
				31281E712023B17D006E99B7 /* Release */,
			);
			defaultConfigurationIsVisible = 0;
			defaultConfigurationName = Release;
		};
		31281E722023B17D006E99B7 /* Build configuration list for PBXNativeTarget "Project39" */ = {
			isa = XCConfigurationList;
			buildConfigurations = (
				31281E732023B17D006E99B7 /* Debug */,
				31281E742023B17D006E99B7 /* Release */,
			);
			defaultConfigurationIsVisible = 0;
			defaultConfigurationName = Release;
		};
		31281E752023B17D006E99B7 /* Build configuration list for PBXNativeTarget "Project39Tests" */ = {
			isa = XCConfigurationList;
			buildConfigurations = (
				31281E762023B17D006E99B7 /* Debug */,
				31281E772023B17D006E99B7 /* Release */,
			);
			defaultConfigurationIsVisible = 0;
			defaultConfigurationName = Release;
		};
		31281E782023B17D006E99B7 /* Build configuration list for PBXNativeTarget "Project39UITests" */ = {
			isa = XCConfigurationList;
			buildConfigurations = (
				31281E792023B17D006E99B7 /* Debug */,
				31281E7A2023B17D006E99B7 /* Release */,
			);
			defaultConfigurationIsVisible = 0;
			defaultConfigurationName = Release;
		};
/* End XCConfigurationList section */
	};
	rootObject = 31281E422023B17D006E99B7 /* Project object */;
}
