// !$*UTF8*$!
{
	archiveVersion = 1;
	classes = {
	};
	objectVersion = 48;
	objects = {

/* Begin PBXBuildFile section */
		3125952E201B92FE008737CD /* GradientView.swift in Sources */ = {isa = PBXBuildFile; fileRef = 3125952D201B92FE008737CD /* GradientView.swift */; };
		31EFA42D201A62EB0034416A /* AppDelegate.swift in Sources */ = {isa = PBXBuildFile; fileRef = 31EFA42C201A62EB0034416A /* AppDelegate.swift */; };
		31EFA42F201A62EB0034416A /* ViewController.swift in Sources */ = {isa = PBXBuildFile; fileRef = 31EFA42E201A62EB0034416A /* ViewController.swift */; };
		31EFA432201A62EB0034416A /* Main.storyboard in Resources */ = {isa = PBXBuildFile; fileRef = 31EFA430201A62EB0034416A /* Main.storyboard */; };
		31EFA434201A62EB0034416A /* Assets.xcassets in Resources */ = {isa = PBXBuildFile; fileRef = 31EFA433201A62EB0034416A /* Assets.xcassets */; };
		31EFA437201A62EB0034416A /* LaunchScreen.storyboard in Resources */ = {isa = PBXBuildFile; fileRef = 31EFA435201A62EB0034416A /* LaunchScreen.storyboard */; };
		31EFA43C201A62EB0034416A /* Project37 WatchKit App.app in Embed Watch Content */ = {isa = PBXBuildFile; fileRef = 31EFA43B201A62EB0034416A /* Project37 WatchKit App.app */; };
		31EFA442201A62EB0034416A /* Interface.storyboard in Resources */ = {isa = PBXBuildFile; fileRef = 31EFA440201A62EB0034416A /* Interface.storyboard */; };
		31EFA444201A62EB0034416A /* Assets.xcassets in Resources */ = {isa = PBXBuildFile; fileRef = 31EFA443201A62EB0034416A /* Assets.xcassets */; };
		31EFA44B201A62EB0034416A /* Project37 WatchKit Extension.appex in Embed App Extensions */ = {isa = PBXBuildFile; fileRef = 31EFA44A201A62EB0034416A /* Project37 WatchKit Extension.appex */; settings = {ATTRIBUTES = (RemoveHeadersOnCopy, ); }; };
		31EFA450201A62EB0034416A /* InterfaceController.swift in Sources */ = {isa = PBXBuildFile; fileRef = 31EFA44F201A62EB0034416A /* InterfaceController.swift */; };
		31EFA452201A62EB0034416A /* ExtensionDelegate.swift in Sources */ = {isa = PBXBuildFile; fileRef = 31EFA451201A62EB0034416A /* ExtensionDelegate.swift */; };
		31EFA454201A62EB0034416A /* NotificationController.swift in Sources */ = {isa = PBXBuildFile; fileRef = 31EFA453201A62EB0034416A /* NotificationController.swift */; };
		31EFA456201A62EB0034416A /* Assets.xcassets in Resources */ = {isa = PBXBuildFile; fileRef = 31EFA455201A62EB0034416A /* Assets.xcassets */; };
		31EFA469201A641C0034416A /* PhantomFromSpace.mp3 in Resources */ = {isa = PBXBuildFile; fileRef = 31EFA467201A641B0034416A /* PhantomFromSpace.mp3 */; };
		31EFA46A201A641C0034416A /* README.txt in Resources */ = {isa = PBXBuildFile; fileRef = 31EFA468201A641B0034416A /* README.txt */; };
		31EFA46C201A66E10034416A /* CardViewController.swift in Sources */ = {isa = PBXBuildFile; fileRef = 31EFA46B201A66E10034416A /* CardViewController.swift */; };
/* End PBXBuildFile section */

/* Begin PBXContainerItemProxy section */
		31EFA43D201A62EB0034416A /* PBXContainerItemProxy */ = {
			isa = PBXContainerItemProxy;
			containerPortal = 31EFA421201A62EB0034416A /* Project object */;
			proxyType = 1;
			remoteGlobalIDString = 31EFA43A201A62EB0034416A;
			remoteInfo = "Project37 WatchKit App";
		};
		31EFA44C201A62EB0034416A /* PBXContainerItemProxy */ = {
			isa = PBXContainerItemProxy;
			containerPortal = 31EFA421201A62EB0034416A /* Project object */;
			proxyType = 1;
			remoteGlobalIDString = 31EFA449201A62EB0034416A;
			remoteInfo = "Project37 WatchKit Extension";
		};
/* End PBXContainerItemProxy section */

/* Begin PBXCopyFilesBuildPhase section */
		31EFA45E201A62EB0034416A /* Embed App Extensions */ = {
			isa = PBXCopyFilesBuildPhase;
			buildActionMask = 2147483647;
			dstPath = "";
			dstSubfolderSpec = 13;
			files = (
				31EFA44B201A62EB0034416A /* Project37 WatchKit Extension.appex in Embed App Extensions */,
			);
			name = "Embed App Extensions";
			runOnlyForDeploymentPostprocessing = 0;
		};
		31EFA462201A62EB0034416A /* Embed Watch Content */ = {
			isa = PBXCopyFilesBuildPhase;
			buildActionMask = 2147483647;
			dstPath = "$(CONTENTS_FOLDER_PATH)/Watch";
			dstSubfolderSpec = 16;
			files = (
				31EFA43C201A62EB0034416A /* Project37 WatchKit App.app in Embed Watch Content */,
			);
			name = "Embed Watch Content";
			runOnlyForDeploymentPostprocessing = 0;
		};
/* End PBXCopyFilesBuildPhase section */

/* Begin PBXFileReference section */
		3125952D201B92FE008737CD /* GradientView.swift */ = {isa = PBXFileReference; lastKnownFileType = sourcecode.swift; path = GradientView.swift; sourceTree = "<group>"; };
		31EFA429201A62EB0034416A /* Project37.app */ = {isa = PBXFileReference; explicitFileType = wrapper.application; includeInIndex = 0; path = Project37.app; sourceTree = BUILT_PRODUCTS_DIR; };
		31EFA42C201A62EB0034416A /* AppDelegate.swift */ = {isa = PBXFileReference; lastKnownFileType = sourcecode.swift; path = AppDelegate.swift; sourceTree = "<group>"; };
		31EFA42E201A62EB0034416A /* ViewController.swift */ = {isa = PBXFileReference; lastKnownFileType = sourcecode.swift; path = ViewController.swift; sourceTree = "<group>"; };
		31EFA431201A62EB0034416A /* Base */ = {isa = PBXFileReference; lastKnownFileType = file.storyboard; name = Base; path = Base.lproj/Main.storyboard; sourceTree = "<group>"; };
		31EFA433201A62EB0034416A /* Assets.xcassets */ = {isa = PBXFileReference; lastKnownFileType = folder.assetcatalog; path = Assets.xcassets; sourceTree = "<group>"; };
		31EFA436201A62EB0034416A /* Base */ = {isa = PBXFileReference; lastKnownFileType = file.storyboard; name = Base; path = Base.lproj/LaunchScreen.storyboard; sourceTree = "<group>"; };
		31EFA438201A62EB0034416A /* Info.plist */ = {isa = PBXFileReference; lastKnownFileType = text.plist.xml; path = Info.plist; sourceTree = "<group>"; };
		31EFA43B201A62EB0034416A /* Project37 WatchKit App.app */ = {isa = PBXFileReference; explicitFileType = wrapper.application; includeInIndex = 0; path = "Project37 WatchKit App.app"; sourceTree = BUILT_PRODUCTS_DIR; };
		31EFA441201A62EB0034416A /* Base */ = {isa = PBXFileReference; lastKnownFileType = file.storyboard; name = Base; path = Base.lproj/Interface.storyboard; sourceTree = "<group>"; };
		31EFA443201A62EB0034416A /* Assets.xcassets */ = {isa = PBXFileReference; lastKnownFileType = folder.assetcatalog; path = Assets.xcassets; sourceTree = "<group>"; };
		31EFA445201A62EB0034416A /* Info.plist */ = {isa = PBXFileReference; lastKnownFileType = text.plist.xml; path = Info.plist; sourceTree = "<group>"; };
		31EFA44A201A62EB0034416A /* Project37 WatchKit Extension.appex */ = {isa = PBXFileReference; explicitFileType = "wrapper.app-extension"; includeInIndex = 0; path = "Project37 WatchKit Extension.appex"; sourceTree = BUILT_PRODUCTS_DIR; };
		31EFA44F201A62EB0034416A /* InterfaceController.swift */ = {isa = PBXFileReference; lastKnownFileType = sourcecode.swift; path = InterfaceController.swift; sourceTree = "<group>"; };
		31EFA451201A62EB0034416A /* ExtensionDelegate.swift */ = {isa = PBXFileReference; lastKnownFileType = sourcecode.swift; path = ExtensionDelegate.swift; sourceTree = "<group>"; };
		31EFA453201A62EB0034416A /* NotificationController.swift */ = {isa = PBXFileReference; lastKnownFileType = sourcecode.swift; path = NotificationController.swift; sourceTree = "<group>"; };
		31EFA455201A62EB0034416A /* Assets.xcassets */ = {isa = PBXFileReference; lastKnownFileType = folder.assetcatalog; path = Assets.xcassets; sourceTree = "<group>"; };
		31EFA457201A62EB0034416A /* Info.plist */ = {isa = PBXFileReference; lastKnownFileType = text.plist.xml; path = Info.plist; sourceTree = "<group>"; };
		31EFA458201A62EB0034416A /* PushNotificationPayload.apns */ = {isa = PBXFileReference; lastKnownFileType = text; path = PushNotificationPayload.apns; sourceTree = "<group>"; };
		31EFA467201A641B0034416A /* PhantomFromSpace.mp3 */ = {isa = PBXFileReference; lastKnownFileType = audio.mp3; path = PhantomFromSpace.mp3; sourceTree = "<group>"; };
		31EFA468201A641B0034416A /* README.txt */ = {isa = PBXFileReference; fileEncoding = 4; lastKnownFileType = text; path = README.txt; sourceTree = "<group>"; };
		31EFA46B201A66E10034416A /* CardViewController.swift */ = {isa = PBXFileReference; lastKnownFileType = sourcecode.swift; path = CardViewController.swift; sourceTree = "<group>"; };
/* End PBXFileReference section */

/* Begin PBXFrameworksBuildPhase section */
		31EFA426201A62EB0034416A /* Frameworks */ = {
			isa = PBXFrameworksBuildPhase;
			buildActionMask = 2147483647;
			files = (
			);
			runOnlyForDeploymentPostprocessing = 0;
		};
		31EFA447201A62EB0034416A /* Frameworks */ = {
			isa = PBXFrameworksBuildPhase;
			buildActionMask = 2147483647;
			files = (
			);
			runOnlyForDeploymentPostprocessing = 0;
		};
/* End PBXFrameworksBuildPhase section */

/* Begin PBXGroup section */
		31EFA420201A62EB0034416A = {
			isa = PBXGroup;
			children = (
				31EFA42B201A62EB0034416A /* Project37 */,
				31EFA43F201A62EB0034416A /* Project37 WatchKit App */,
				31EFA44E201A62EB0034416A /* Project37 WatchKit Extension */,
				31EFA42A201A62EB0034416A /* Products */,
			);
			sourceTree = "<group>";
		};
		31EFA42A201A62EB0034416A /* Products */ = {
			isa = PBXGroup;
			children = (
				31EFA429201A62EB0034416A /* Project37.app */,
				31EFA43B201A62EB0034416A /* Project37 WatchKit App.app */,
				31EFA44A201A62EB0034416A /* Project37 WatchKit Extension.appex */,
			);
			name = Products;
			sourceTree = "<group>";
		};
		31EFA42B201A62EB0034416A /* Project37 */ = {
			isa = PBXGroup;
			children = (
				31EFA466201A641B0034416A /* Content */,
				31EFA42C201A62EB0034416A /* AppDelegate.swift */,
				31EFA42E201A62EB0034416A /* ViewController.swift */,
				31EFA46B201A66E10034416A /* CardViewController.swift */,
				3125952D201B92FE008737CD /* GradientView.swift */,
				31EFA430201A62EB0034416A /* Main.storyboard */,
				31EFA433201A62EB0034416A /* Assets.xcassets */,
				31EFA435201A62EB0034416A /* LaunchScreen.storyboard */,
				31EFA438201A62EB0034416A /* Info.plist */,
			);
			path = Project37;
			sourceTree = "<group>";
		};
		31EFA43F201A62EB0034416A /* Project37 WatchKit App */ = {
			isa = PBXGroup;
			children = (
				31EFA440201A62EB0034416A /* Interface.storyboard */,
				31EFA443201A62EB0034416A /* Assets.xcassets */,
				31EFA445201A62EB0034416A /* Info.plist */,
			);
			path = "Project37 WatchKit App";
			sourceTree = "<group>";
		};
		31EFA44E201A62EB0034416A /* Project37 WatchKit Extension */ = {
			isa = PBXGroup;
			children = (
				31EFA44F201A62EB0034416A /* InterfaceController.swift */,
				31EFA451201A62EB0034416A /* ExtensionDelegate.swift */,
				31EFA453201A62EB0034416A /* NotificationController.swift */,
				31EFA455201A62EB0034416A /* Assets.xcassets */,
				31EFA457201A62EB0034416A /* Info.plist */,
				31EFA458201A62EB0034416A /* PushNotificationPayload.apns */,
			);
			path = "Project37 WatchKit Extension";
			sourceTree = "<group>";
		};
		31EFA466201A641B0034416A /* Content */ = {
			isa = PBXGroup;
			children = (
				31EFA467201A641B0034416A /* PhantomFromSpace.mp3 */,
				31EFA468201A641B0034416A /* README.txt */,
			);
			path = Content;
			sourceTree = "<group>";
		};
/* End PBXGroup section */

/* Begin PBXNativeTarget section */
		31EFA428201A62EB0034416A /* Project37 */ = {
			isa = PBXNativeTarget;
			buildConfigurationList = 31EFA463201A62EB0034416A /* Build configuration list for PBXNativeTarget "Project37" */;
			buildPhases = (
				31EFA425201A62EB0034416A /* Sources */,
				31EFA426201A62EB0034416A /* Frameworks */,
				31EFA427201A62EB0034416A /* Resources */,
				31EFA462201A62EB0034416A /* Embed Watch Content */,
			);
			buildRules = (
			);
			dependencies = (
				31EFA43E201A62EB0034416A /* PBXTargetDependency */,
			);
			name = Project37;
			productName = Project37;
			productReference = 31EFA429201A62EB0034416A /* Project37.app */;
			productType = "com.apple.product-type.application";
		};
		31EFA43A201A62EB0034416A /* Project37 WatchKit App */ = {
			isa = PBXNativeTarget;
			buildConfigurationList = 31EFA45F201A62EB0034416A /* Build configuration list for PBXNativeTarget "Project37 WatchKit App" */;
			buildPhases = (
				31EFA439201A62EB0034416A /* Resources */,
				31EFA45E201A62EB0034416A /* Embed App Extensions */,
			);
			buildRules = (
			);
			dependencies = (
				31EFA44D201A62EB0034416A /* PBXTargetDependency */,
			);
			name = "Project37 WatchKit App";
			productName = "Project37 WatchKit App";
			productReference = 31EFA43B201A62EB0034416A /* Project37 WatchKit App.app */;
			productType = "com.apple.product-type.application.watchapp2";
		};
		31EFA449201A62EB0034416A /* Project37 WatchKit Extension */ = {
			isa = PBXNativeTarget;
			buildConfigurationList = 31EFA45B201A62EB0034416A /* Build configuration list for PBXNativeTarget "Project37 WatchKit Extension" */;
			buildPhases = (
				31EFA446201A62EB0034416A /* Sources */,
				31EFA447201A62EB0034416A /* Frameworks */,
				31EFA448201A62EB0034416A /* Resources */,
			);
			buildRules = (
			);
			dependencies = (
			);
			name = "Project37 WatchKit Extension";
			productName = "Project37 WatchKit Extension";
			productReference = 31EFA44A201A62EB0034416A /* Project37 WatchKit Extension.appex */;
			productType = "com.apple.product-type.watchkit2-extension";
		};
/* End PBXNativeTarget section */

/* Begin PBXProject section */
		31EFA421201A62EB0034416A /* Project object */ = {
			isa = PBXProject;
			attributes = {
				LastSwiftUpdateCheck = 0920;
				LastUpgradeCheck = 0920;
				ORGANIZATIONNAME = "Juan Garcia";
				TargetAttributes = {
					31EFA428201A62EB0034416A = {
						CreatedOnToolsVersion = 9.2;
						ProvisioningStyle = Automatic;
					};
					31EFA43A201A62EB0034416A = {
						CreatedOnToolsVersion = 9.2;
						ProvisioningStyle = Automatic;
					};
					31EFA449201A62EB0034416A = {
						CreatedOnToolsVersion = 9.2;
						ProvisioningStyle = Automatic;
					};
				};
			};
			buildConfigurationList = 31EFA424201A62EB0034416A /* Build configuration list for PBXProject "Project37" */;
			compatibilityVersion = "Xcode 8.0";
			developmentRegion = en;
			hasScannedForEncodings = 0;
			knownRegions = (
				en,
				Base,
			);
			mainGroup = 31EFA420201A62EB0034416A;
			productRefGroup = 31EFA42A201A62EB0034416A /* Products */;
			projectDirPath = "";
			projectRoot = "";
			targets = (
				31EFA428201A62EB0034416A /* Project37 */,
				31EFA43A201A62EB0034416A /* Project37 WatchKit App */,
				31EFA449201A62EB0034416A /* Project37 WatchKit Extension */,
			);
		};
/* End PBXProject section */

/* Begin PBXResourcesBuildPhase section */
		31EFA427201A62EB0034416A /* Resources */ = {
			isa = PBXResourcesBuildPhase;
			buildActionMask = 2147483647;
			files = (
				31EFA437201A62EB0034416A /* LaunchScreen.storyboard in Resources */,
				31EFA469201A641C0034416A /* PhantomFromSpace.mp3 in Resources */,
				31EFA434201A62EB0034416A /* Assets.xcassets in Resources */,
				31EFA432201A62EB0034416A /* Main.storyboard in Resources */,
				31EFA46A201A641C0034416A /* README.txt in Resources */,
			);
			runOnlyForDeploymentPostprocessing = 0;
		};
		31EFA439201A62EB0034416A /* Resources */ = {
			isa = PBXResourcesBuildPhase;
			buildActionMask = 2147483647;
			files = (
				31EFA444201A62EB0034416A /* Assets.xcassets in Resources */,
				31EFA442201A62EB0034416A /* Interface.storyboard in Resources */,
			);
			runOnlyForDeploymentPostprocessing = 0;
		};
		31EFA448201A62EB0034416A /* Resources */ = {
			isa = PBXResourcesBuildPhase;
			buildActionMask = 2147483647;
			files = (
				31EFA456201A62EB0034416A /* Assets.xcassets in Resources */,
			);
			runOnlyForDeploymentPostprocessing = 0;
		};
/* End PBXResourcesBuildPhase section */

/* Begin PBXSourcesBuildPhase section */
		31EFA425201A62EB0034416A /* Sources */ = {
			isa = PBXSourcesBuildPhase;
			buildActionMask = 2147483647;
			files = (
				31EFA42F201A62EB0034416A /* ViewController.swift in Sources */,
				31EFA42D201A62EB0034416A /* AppDelegate.swift in Sources */,
				3125952E201B92FE008737CD /* GradientView.swift in Sources */,
				31EFA46C201A66E10034416A /* CardViewController.swift in Sources */,
			);
			runOnlyForDeploymentPostprocessing = 0;
		};
		31EFA446201A62EB0034416A /* Sources */ = {
			isa = PBXSourcesBuildPhase;
			buildActionMask = 2147483647;
			files = (
				31EFA454201A62EB0034416A /* NotificationController.swift in Sources */,
				31EFA452201A62EB0034416A /* ExtensionDelegate.swift in Sources */,
				31EFA450201A62EB0034416A /* InterfaceController.swift in Sources */,
			);
			runOnlyForDeploymentPostprocessing = 0;
		};
/* End PBXSourcesBuildPhase section */

/* Begin PBXTargetDependency section */
		31EFA43E201A62EB0034416A /* PBXTargetDependency */ = {
			isa = PBXTargetDependency;
			target = 31EFA43A201A62EB0034416A /* Project37 WatchKit App */;
			targetProxy = 31EFA43D201A62EB0034416A /* PBXContainerItemProxy */;
		};
		31EFA44D201A62EB0034416A /* PBXTargetDependency */ = {
			isa = PBXTargetDependency;
			target = 31EFA449201A62EB0034416A /* Project37 WatchKit Extension */;
			targetProxy = 31EFA44C201A62EB0034416A /* PBXContainerItemProxy */;
		};
/* End PBXTargetDependency section */

/* Begin PBXVariantGroup section */
		31EFA430201A62EB0034416A /* Main.storyboard */ = {
			isa = PBXVariantGroup;
			children = (
				31EFA431201A62EB0034416A /* Base */,
			);
			name = Main.storyboard;
			sourceTree = "<group>";
		};
		31EFA435201A62EB0034416A /* LaunchScreen.storyboard */ = {
			isa = PBXVariantGroup;
			children = (
				31EFA436201A62EB0034416A /* Base */,
			);
			name = LaunchScreen.storyboard;
			sourceTree = "<group>";
		};
		31EFA440201A62EB0034416A /* Interface.storyboard */ = {
			isa = PBXVariantGroup;
			children = (
				31EFA441201A62EB0034416A /* Base */,
			);
			name = Interface.storyboard;
			sourceTree = "<group>";
		};
/* End PBXVariantGroup section */

/* Begin XCBuildConfiguration section */
		31EFA459201A62EB0034416A /* Debug */ = {
			isa = XCBuildConfiguration;
			buildSettings = {
				ALWAYS_SEARCH_USER_PATHS = NO;
				CLANG_ANALYZER_NONNULL = YES;
				CLANG_ANALYZER_NUMBER_OBJECT_CONVERSION = YES_AGGRESSIVE;
				CLANG_CXX_LANGUAGE_STANDARD = "gnu++14";
				CLANG_CXX_LIBRARY = "libc++";
				CLANG_ENABLE_MODULES = YES;
				CLANG_ENABLE_OBJC_ARC = YES;
				CLANG_WARN_BLOCK_CAPTURE_AUTORELEASING = YES;
				CLANG_WARN_BOOL_CONVERSION = YES;
				CLANG_WARN_COMMA = YES;
				CLANG_WARN_CONSTANT_CONVERSION = YES;
				CLANG_WARN_DIRECT_OBJC_ISA_USAGE = YES_ERROR;
				CLANG_WARN_DOCUMENTATION_COMMENTS = YES;
				CLANG_WARN_EMPTY_BODY = YES;
				CLANG_WARN_ENUM_CONVERSION = YES;
				CLANG_WARN_INFINITE_RECURSION = YES;
				CLANG_WARN_INT_CONVERSION = YES;
				CLANG_WARN_NON_LITERAL_NULL_CONVERSION = YES;
				CLANG_WARN_OBJC_LITERAL_CONVERSION = YES;
				CLANG_WARN_OBJC_ROOT_CLASS = YES_ERROR;
				CLANG_WARN_RANGE_LOOP_ANALYSIS = YES;
				CLANG_WARN_STRICT_PROTOTYPES = YES;
				CLANG_WARN_SUSPICIOUS_MOVE = YES;
				CLANG_WARN_UNGUARDED_AVAILABILITY = YES_AGGRESSIVE;
				CLANG_WARN_UNREACHABLE_CODE = YES;
				CLANG_WARN__DUPLICATE_METHOD_MATCH = YES;
				CODE_SIGN_IDENTITY = "iPhone Developer";
				COPY_PHASE_STRIP = NO;
				DEBUG_INFORMATION_FORMAT = dwarf;
				ENABLE_STRICT_OBJC_MSGSEND = YES;
				ENABLE_TESTABILITY = YES;
				GCC_C_LANGUAGE_STANDARD = gnu11;
				GCC_DYNAMIC_NO_PIC = NO;
				GCC_NO_COMMON_BLOCKS = YES;
				GCC_OPTIMIZATION_LEVEL = 0;
				GCC_PREPROCESSOR_DEFINITIONS = (
					"DEBUG=1",
					"$(inherited)",
				);
				GCC_WARN_64_TO_32_BIT_CONVERSION = YES;
				GCC_WARN_ABOUT_RETURN_TYPE = YES_ERROR;
				GCC_WARN_UNDECLARED_SELECTOR = YES;
				GCC_WARN_UNINITIALIZED_AUTOS = YES_AGGRESSIVE;
				GCC_WARN_UNUSED_FUNCTION = YES;
				GCC_WARN_UNUSED_VARIABLE = YES;
				IPHONEOS_DEPLOYMENT_TARGET = 11.2;
				MTL_ENABLE_DEBUG_INFO = YES;
				ONLY_ACTIVE_ARCH = YES;
				SDKROOT = iphoneos;
				SWIFT_ACTIVE_COMPILATION_CONDITIONS = DEBUG;
				SWIFT_OPTIMIZATION_LEVEL = "-Onone";
			};
			name = Debug;
		};
		31EFA45A201A62EB0034416A /* Release */ = {
			isa = XCBuildConfiguration;
			buildSettings = {
				ALWAYS_SEARCH_USER_PATHS = NO;
				CLANG_ANALYZER_NONNULL = YES;
				CLANG_ANALYZER_NUMBER_OBJECT_CONVERSION = YES_AGGRESSIVE;
				CLANG_CXX_LANGUAGE_STANDARD = "gnu++14";
				CLANG_CXX_LIBRARY = "libc++";
				CLANG_ENABLE_MODULES = YES;
				CLANG_ENABLE_OBJC_ARC = YES;
				CLANG_WARN_BLOCK_CAPTURE_AUTORELEASING = YES;
				CLANG_WARN_BOOL_CONVERSION = YES;
				CLANG_WARN_COMMA = YES;
				CLANG_WARN_CONSTANT_CONVERSION = YES;
				CLANG_WARN_DIRECT_OBJC_ISA_USAGE = YES_ERROR;
				CLANG_WARN_DOCUMENTATION_COMMENTS = YES;
				CLANG_WARN_EMPTY_BODY = YES;
				CLANG_WARN_ENUM_CONVERSION = YES;
				CLANG_WARN_INFINITE_RECURSION = YES;
				CLANG_WARN_INT_CONVERSION = YES;
				CLANG_WARN_NON_LITERAL_NULL_CONVERSION = YES;
				CLANG_WARN_OBJC_LITERAL_CONVERSION = YES;
				CLANG_WARN_OBJC_ROOT_CLASS = YES_ERROR;
				CLANG_WARN_RANGE_LOOP_ANALYSIS = YES;
				CLANG_WARN_STRICT_PROTOTYPES = YES;
				CLANG_WARN_SUSPICIOUS_MOVE = YES;
				CLANG_WARN_UNGUARDED_AVAILABILITY = YES_AGGRESSIVE;
				CLANG_WARN_UNREACHABLE_CODE = YES;
				CLANG_WARN__DUPLICATE_METHOD_MATCH = YES;
				CODE_SIGN_IDENTITY = "iPhone Developer";
				COPY_PHASE_STRIP = NO;
				DEBUG_INFORMATION_FORMAT = "dwarf-with-dsym";
				ENABLE_NS_ASSERTIONS = NO;
				ENABLE_STRICT_OBJC_MSGSEND = YES;
				GCC_C_LANGUAGE_STANDARD = gnu11;
				GCC_NO_COMMON_BLOCKS = YES;
				GCC_WARN_64_TO_32_BIT_CONVERSION = YES;
				GCC_WARN_ABOUT_RETURN_TYPE = YES_ERROR;
				GCC_WARN_UNDECLARED_SELECTOR = YES;
				GCC_WARN_UNINITIALIZED_AUTOS = YES_AGGRESSIVE;
				GCC_WARN_UNUSED_FUNCTION = YES;
				GCC_WARN_UNUSED_VARIABLE = YES;
				IPHONEOS_DEPLOYMENT_TARGET = 11.2;
				MTL_ENABLE_DEBUG_INFO = NO;
				SDKROOT = iphoneos;
				SWIFT_OPTIMIZATION_LEVEL = "-Owholemodule";
				VALIDATE_PRODUCT = YES;
			};
			name = Release;
		};
		31EFA45C201A62EB0034416A /* Debug */ = {
			isa = XCBuildConfiguration;
			buildSettings = {
				ASSETCATALOG_COMPILER_COMPLICATION_NAME = Complication;
				CODE_SIGN_STYLE = Automatic;
				INFOPLIST_FILE = "Project37 WatchKit Extension/Info.plist";
				LD_RUNPATH_SEARCH_PATHS = "$(inherited) @executable_path/Frameworks @executable_path/../../Frameworks";
				PRODUCT_BUNDLE_IDENTIFIER = Personal.Project37.watchkitapp.watchkitextension;
				PRODUCT_NAME = "${TARGET_NAME}";
				SDKROOT = watchos;
				SKIP_INSTALL = YES;
				SWIFT_VERSION = 4.0;
				TARGETED_DEVICE_FAMILY = 4;
				WATCHOS_DEPLOYMENT_TARGET = 4.2;
			};
			name = Debug;
		};
		31EFA45D201A62EB0034416A /* Release */ = {
			isa = XCBuildConfiguration;
			buildSettings = {
				ASSETCATALOG_COMPILER_COMPLICATION_NAME = Complication;
				CODE_SIGN_STYLE = Automatic;
				INFOPLIST_FILE = "Project37 WatchKit Extension/Info.plist";
				LD_RUNPATH_SEARCH_PATHS = "$(inherited) @executable_path/Frameworks @executable_path/../../Frameworks";
				PRODUCT_BUNDLE_IDENTIFIER = Personal.Project37.watchkitapp.watchkitextension;
				PRODUCT_NAME = "${TARGET_NAME}";
				SDKROOT = watchos;
				SKIP_INSTALL = YES;
				SWIFT_VERSION = 4.0;
				TARGETED_DEVICE_FAMILY = 4;
				WATCHOS_DEPLOYMENT_TARGET = 4.2;
			};
			name = Release;
		};
		31EFA460201A62EB0034416A /* Debug */ = {
			isa = XCBuildConfiguration;
			buildSettings = {
				ALWAYS_EMBED_SWIFT_STANDARD_LIBRARIES = YES;
				ASSETCATALOG_COMPILER_APPICON_NAME = AppIcon;
				CODE_SIGN_STYLE = Automatic;
				IBSC_MODULE = Project37_WatchKit_Extension;
				INFOPLIST_FILE = "Project37 WatchKit App/Info.plist";
				PRODUCT_BUNDLE_IDENTIFIER = Personal.Project37.watchkitapp;
				PRODUCT_NAME = "$(TARGET_NAME)";
				SDKROOT = watchos;
				SKIP_INSTALL = YES;
				SWIFT_VERSION = 4.0;
				TARGETED_DEVICE_FAMILY = 4;
				WATCHOS_DEPLOYMENT_TARGET = 4.2;
			};
			name = Debug;
		};
		31EFA461201A62EB0034416A /* Release */ = {
			isa = XCBuildConfiguration;
			buildSettings = {
				ALWAYS_EMBED_SWIFT_STANDARD_LIBRARIES = YES;
				ASSETCATALOG_COMPILER_APPICON_NAME = AppIcon;
				CODE_SIGN_STYLE = Automatic;
				IBSC_MODULE = Project37_WatchKit_Extension;
				INFOPLIST_FILE = "Project37 WatchKit App/Info.plist";
				PRODUCT_BUNDLE_IDENTIFIER = Personal.Project37.watchkitapp;
				PRODUCT_NAME = "$(TARGET_NAME)";
				SDKROOT = watchos;
				SKIP_INSTALL = YES;
				SWIFT_VERSION = 4.0;
				TARGETED_DEVICE_FAMILY = 4;
				WATCHOS_DEPLOYMENT_TARGET = 4.2;
			};
			name = Release;
		};
		31EFA464201A62EB0034416A /* Debug */ = {
			isa = XCBuildConfiguration;
			buildSettings = {
				ASSETCATALOG_COMPILER_APPICON_NAME = AppIcon;
				CODE_SIGN_STYLE = Automatic;
				INFOPLIST_FILE = Project37/Info.plist;
				LD_RUNPATH_SEARCH_PATHS = "$(inherited) @executable_path/Frameworks";
				PRODUCT_BUNDLE_IDENTIFIER = Personal.Project37;
				PRODUCT_NAME = "$(TARGET_NAME)";
				SWIFT_VERSION = 4.0;
				TARGETED_DEVICE_FAMILY = 1;
			};
			name = Debug;
		};
		31EFA465201A62EB0034416A /* Release */ = {
			isa = XCBuildConfiguration;
			buildSettings = {
				ASSETCATALOG_COMPILER_APPICON_NAME = AppIcon;
				CODE_SIGN_STYLE = Automatic;
				INFOPLIST_FILE = Project37/Info.plist;
				LD_RUNPATH_SEARCH_PATHS = "$(inherited) @executable_path/Frameworks";
				PRODUCT_BUNDLE_IDENTIFIER = Personal.Project37;
				PRODUCT_NAME = "$(TARGET_NAME)";
				SWIFT_VERSION = 4.0;
				TARGETED_DEVICE_FAMILY = 1;
			};
			name = Release;
		};
/* End XCBuildConfiguration section */

/* Begin XCConfigurationList section */
		31EFA424201A62EB0034416A /* Build configuration list for PBXProject "Project37" */ = {
			isa = XCConfigurationList;
			buildConfigurations = (
				31EFA459201A62EB0034416A /* Debug */,
				31EFA45A201A62EB0034416A /* Release */,
			);
			defaultConfigurationIsVisible = 0;
			defaultConfigurationName = Release;
		};
		31EFA45B201A62EB0034416A /* Build configuration list for PBXNativeTarget "Project37 WatchKit Extension" */ = {
			isa = XCConfigurationList;
			buildConfigurations = (
				31EFA45C201A62EB0034416A /* Debug */,
				31EFA45D201A62EB0034416A /* Release */,
			);
			defaultConfigurationIsVisible = 0;
			defaultConfigurationName = Release;
		};
		31EFA45F201A62EB0034416A /* Build configuration list for PBXNativeTarget "Project37 WatchKit App" */ = {
			isa = XCConfigurationList;
			buildConfigurations = (
				31EFA460201A62EB0034416A /* Debug */,
				31EFA461201A62EB0034416A /* Release */,
			);
			defaultConfigurationIsVisible = 0;
			defaultConfigurationName = Release;
		};
		31EFA463201A62EB0034416A /* Build configuration list for PBXNativeTarget "Project37" */ = {
			isa = XCConfigurationList;
			buildConfigurations = (
				31EFA464201A62EB0034416A /* Debug */,
				31EFA465201A62EB0034416A /* Release */,
			);
			defaultConfigurationIsVisible = 0;
			defaultConfigurationName = Release;
		};
/* End XCConfigurationList section */
	};
	rootObject = 31EFA421201A62EB0034416A /* Project object */;
}
