// !$*UTF8*$!
{
	archiveVersion = 1;
	classes = {
	};
	objectVersion = 46;
	objects = {

/* Begin PBXBuildFile section */
		311A27A21F253E9F00882945 /* AppDelegate.swift in Sources */ = {isa = PBXBuildFile; fileRef = 311A27A11F253E9F00882945 /* AppDelegate.swift */; };
		311A27A41F253E9F00882945 /* ViewController.swift in Sources */ = {isa = PBXBuildFile; fileRef = 311A27A31F253E9F00882945 /* ViewController.swift */; };
		311A27A71F253E9F00882945 /* Main.storyboard in Resources */ = {isa = PBXBuildFile; fileRef = 311A27A51F253E9F00882945 /* Main.storyboard */; };
		311A27A91F253E9F00882945 /* Assets.xcassets in Resources */ = {isa = PBXBuildFile; fileRef = 311A27A81F253E9F00882945 /* Assets.xcassets */; };
		311A27AC1F253E9F00882945 /* LaunchScreen.storyboard in Resources */ = {isa = PBXBuildFile; fileRef = 311A27AA1F253E9F00882945 /* LaunchScreen.storyboard */; };
		311A27B51F253EB400882945 /* KeychainOptions.swift in Sources */ = {isa = PBXBuildFile; fileRef = 311A27B31F253EB400882945 /* KeychainOptions.swift */; };
		311A27B61F253EB400882945 /* KeychainWrapper.swift in Sources */ = {isa = PBXBuildFile; fileRef = 311A27B41F253EB400882945 /* KeychainWrapper.swift */; };
/* End PBXBuildFile section */

/* Begin PBXFileReference section */
		311A279E1F253E9F00882945 /* Project28b.app */ = {isa = PBXFileReference; explicitFileType = wrapper.application; includeInIndex = 0; path = Project28b.app; sourceTree = BUILT_PRODUCTS_DIR; };
		311A27A11F253E9F00882945 /* AppDelegate.swift */ = {isa = PBXFileReference; lastKnownFileType = sourcecode.swift; path = AppDelegate.swift; sourceTree = "<group>"; };
		311A27A31F253E9F00882945 /* ViewController.swift */ = {isa = PBXFileReference; lastKnownFileType = sourcecode.swift; path = ViewController.swift; sourceTree = "<group>"; };
		311A27A61F253E9F00882945 /* Base */ = {isa = PBXFileReference; lastKnownFileType = file.storyboard; name = Base; path = Base.lproj/Main.storyboard; sourceTree = "<group>"; };
		311A27A81F253E9F00882945 /* Assets.xcassets */ = {isa = PBXFileReference; lastKnownFileType = folder.assetcatalog; path = Assets.xcassets; sourceTree = "<group>"; };
		311A27AB1F253E9F00882945 /* Base */ = {isa = PBXFileReference; lastKnownFileType = file.storyboard; name = Base; path = Base.lproj/LaunchScreen.storyboard; sourceTree = "<group>"; };
		311A27AD1F253E9F00882945 /* Info.plist */ = {isa = PBXFileReference; lastKnownFileType = text.plist.xml; path = Info.plist; sourceTree = "<group>"; };
		311A27B31F253EB400882945 /* KeychainOptions.swift */ = {isa = PBXFileReference; fileEncoding = 4; lastKnownFileType = sourcecode.swift; path = KeychainOptions.swift; sourceTree = "<group>"; };
		311A27B41F253EB400882945 /* KeychainWrapper.swift */ = {isa = PBXFileReference; fileEncoding = 4; lastKnownFileType = sourcecode.swift; path = KeychainWrapper.swift; sourceTree = "<group>"; };
/* End PBXFileReference section */

/* Begin PBXFrameworksBuildPhase section */
		311A279B1F253E9F00882945 /* Frameworks */ = {
			isa = PBXFrameworksBuildPhase;
			buildActionMask = 2147483647;
			files = (
			);
			runOnlyForDeploymentPostprocessing = 0;
		};
/* End PBXFrameworksBuildPhase section */

/* Begin PBXGroup section */
		311A27951F253E9F00882945 = {
			isa = PBXGroup;
			children = (
				311A27A01F253E9F00882945 /* Project28b */,
				311A279F1F253E9F00882945 /* Products */,
			);
			sourceTree = "<group>";
		};
		311A279F1F253E9F00882945 /* Products */ = {
			isa = PBXGroup;
			children = (
				311A279E1F253E9F00882945 /* Project28b.app */,
			);
			name = Products;
			sourceTree = "<group>";
		};
		311A27A01F253E9F00882945 /* Project28b */ = {
			isa = PBXGroup;
			children = (
				311A27A11F253E9F00882945 /* AppDelegate.swift */,
				311A27A31F253E9F00882945 /* ViewController.swift */,
				311A27B31F253EB400882945 /* KeychainOptions.swift */,
				311A27B41F253EB400882945 /* KeychainWrapper.swift */,
				311A27A51F253E9F00882945 /* Main.storyboard */,
				311A27A81F253E9F00882945 /* Assets.xcassets */,
				311A27AA1F253E9F00882945 /* LaunchScreen.storyboard */,
				311A27AD1F253E9F00882945 /* Info.plist */,
			);
			path = Project28b;
			sourceTree = "<group>";
		};
/* End PBXGroup section */

/* Begin PBXNativeTarget section */
		311A279D1F253E9F00882945 /* Project28b */ = {
			isa = PBXNativeTarget;
			buildConfigurationList = 311A27B01F253E9F00882945 /* Build configuration list for PBXNativeTarget "Project28b" */;
			buildPhases = (
				311A279A1F253E9F00882945 /* Sources */,
				311A279B1F253E9F00882945 /* Frameworks */,
				311A279C1F253E9F00882945 /* Resources */,
			);
			buildRules = (
			);
			dependencies = (
			);
			name = Project28b;
			productName = Project28b;
			productReference = 311A279E1F253E9F00882945 /* Project28b.app */;
			productType = "com.apple.product-type.application";
		};
/* End PBXNativeTarget section */

/* Begin PBXProject section */
		311A27961F253E9F00882945 /* Project object */ = {
			isa = PBXProject;
			attributes = {
				LastSwiftUpdateCheck = 0830;
				LastUpgradeCheck = 0830;
				ORGANIZATIONNAME = "Juan Garcia";
				TargetAttributes = {
					311A279D1F253E9F00882945 = {
						CreatedOnToolsVersion = 8.3.3;
						DevelopmentTeam = RUXR8358UF;
						ProvisioningStyle = Automatic;
					};
				};
			};
			buildConfigurationList = 311A27991F253E9F00882945 /* Build configuration list for PBXProject "Project28b" */;
			compatibilityVersion = "Xcode 3.2";
			developmentRegion = English;
			hasScannedForEncodings = 0;
			knownRegions = (
				en,
				Base,
			);
			mainGroup = 311A27951F253E9F00882945;
			productRefGroup = 311A279F1F253E9F00882945 /* Products */;
			projectDirPath = "";
			projectRoot = "";
			targets = (
				311A279D1F253E9F00882945 /* Project28b */,
			);
		};
/* End PBXProject section */

/* Begin PBXResourcesBuildPhase section */
		311A279C1F253E9F00882945 /* Resources */ = {
			isa = PBXResourcesBuildPhase;
			buildActionMask = 2147483647;
			files = (
				311A27AC1F253E9F00882945 /* LaunchScreen.storyboard in Resources */,
				311A27A91F253E9F00882945 /* Assets.xcassets in Resources */,
				311A27A71F253E9F00882945 /* Main.storyboard in Resources */,
			);
			runOnlyForDeploymentPostprocessing = 0;
		};
/* End PBXResourcesBuildPhase section */

/* Begin PBXSourcesBuildPhase section */
		311A279A1F253E9F00882945 /* Sources */ = {
			isa = PBXSourcesBuildPhase;
			buildActionMask = 2147483647;
			files = (
				311A27A41F253E9F00882945 /* ViewController.swift in Sources */,
				311A27B61F253EB400882945 /* KeychainWrapper.swift in Sources */,
				311A27B51F253EB400882945 /* KeychainOptions.swift in Sources */,
				311A27A21F253E9F00882945 /* AppDelegate.swift in Sources */,
			);
			runOnlyForDeploymentPostprocessing = 0;
		};
/* End PBXSourcesBuildPhase section */

/* Begin PBXVariantGroup section */
		311A27A51F253E9F00882945 /* Main.storyboard */ = {
			isa = PBXVariantGroup;
			children = (
				311A27A61F253E9F00882945 /* Base */,
			);
			name = Main.storyboard;
			sourceTree = "<group>";
		};
		311A27AA1F253E9F00882945 /* LaunchScreen.storyboard */ = {
			isa = PBXVariantGroup;
			children = (
				311A27AB1F253E9F00882945 /* Base */,
			);
			name = LaunchScreen.storyboard;
			sourceTree = "<group>";
		};
/* End PBXVariantGroup section */

/* Begin XCBuildConfiguration section */
		311A27AE1F253E9F00882945 /* Debug */ = {
			isa = XCBuildConfiguration;
			buildSettings = {
				ALWAYS_SEARCH_USER_PATHS = NO;
				CLANG_ANALYZER_NONNULL = YES;
				CLANG_ANALYZER_NUMBER_OBJECT_CONVERSION = YES_AGGRESSIVE;
				CLANG_CXX_LANGUAGE_STANDARD = "gnu++0x";
				CLANG_CXX_LIBRARY = "libc++";
				CLANG_ENABLE_MODULES = YES;
				CLANG_ENABLE_OBJC_ARC = YES;
				CLANG_WARN_BOOL_CONVERSION = YES;
				CLANG_WARN_CONSTANT_CONVERSION = YES;
				CLANG_WARN_DIRECT_OBJC_ISA_USAGE = YES_ERROR;
				CLANG_WARN_DOCUMENTATION_COMMENTS = YES;
				CLANG_WARN_EMPTY_BODY = YES;
				CLANG_WARN_ENUM_CONVERSION = YES;
				CLANG_WARN_INFINITE_RECURSION = YES;
				CLANG_WARN_INT_CONVERSION = YES;
				CLANG_WARN_OBJC_ROOT_CLASS = YES_ERROR;
				CLANG_WARN_SUSPICIOUS_MOVE = YES;
				CLANG_WARN_UNREACHABLE_CODE = YES;
				CLANG_WARN__DUPLICATE_METHOD_MATCH = YES;
				"CODE_SIGN_IDENTITY[sdk=iphoneos*]" = "iPhone Developer";
				COPY_PHASE_STRIP = NO;
				DEBUG_INFORMATION_FORMAT = dwarf;
				ENABLE_STRICT_OBJC_MSGSEND = YES;
				ENABLE_TESTABILITY = YES;
				GCC_C_LANGUAGE_STANDARD = gnu99;
				GCC_DYNAMIC_NO_PIC = NO;
				GCC_NO_COMMON_BLOCKS = YES;
				GCC_OPTIMIZATION_LEVEL = 0;
				GCC_PREPROCESSOR_DEFINITIONS = (
					"DEBUG=1",
					"$(inherited)",
				);
				GCC_WARN_64_TO_32_BIT_CONVERSION = YES;
				GCC_WARN_ABOUT_RETURN_TYPE = YES_ERROR;
				GCC_WARN_UNDECLARED_SELECTOR = YES;
				GCC_WARN_UNINITIALIZED_AUTOS = YES_AGGRESSIVE;
				GCC_WARN_UNUSED_FUNCTION = YES;
				GCC_WARN_UNUSED_VARIABLE = YES;
				IPHONEOS_DEPLOYMENT_TARGET = 10.3;
				MTL_ENABLE_DEBUG_INFO = YES;
				ONLY_ACTIVE_ARCH = YES;
				SDKROOT = iphoneos;
				SWIFT_ACTIVE_COMPILATION_CONDITIONS = DEBUG;
				SWIFT_OPTIMIZATION_LEVEL = "-Onone";
				TARGETED_DEVICE_FAMILY = 2;
			};
			name = Debug;
		};
		311A27AF1F253E9F00882945 /* Release */ = {
			isa = XCBuildConfiguration;
			buildSettings = {
				ALWAYS_SEARCH_USER_PATHS = NO;
				CLANG_ANALYZER_NONNULL = YES;
				CLANG_ANALYZER_NUMBER_OBJECT_CONVERSION = YES_AGGRESSIVE;
				CLANG_CXX_LANGUAGE_STANDARD = "gnu++0x";
				CLANG_CXX_LIBRARY = "libc++";
				CLANG_ENABLE_MODULES = YES;
				CLANG_ENABLE_OBJC_ARC = YES;
				CLANG_WARN_BOOL_CONVERSION = YES;
				CLANG_WARN_CONSTANT_CONVERSION = YES;
				CLANG_WARN_DIRECT_OBJC_ISA_USAGE = YES_ERROR;
				CLANG_WARN_DOCUMENTATION_COMMENTS = YES;
				CLANG_WARN_EMPTY_BODY = YES;
				CLANG_WARN_ENUM_CONVERSION = YES;
				CLANG_WARN_INFINITE_RECURSION = YES;
				CLANG_WARN_INT_CONVERSION = YES;
				CLANG_WARN_OBJC_ROOT_CLASS = YES_ERROR;
				CLANG_WARN_SUSPICIOUS_MOVE = YES;
				CLANG_WARN_UNREACHABLE_CODE = YES;
				CLANG_WARN__DUPLICATE_METHOD_MATCH = YES;
				"CODE_SIGN_IDENTITY[sdk=iphoneos*]" = "iPhone Developer";
				COPY_PHASE_STRIP = NO;
				DEBUG_INFORMATION_FORMAT = "dwarf-with-dsym";
				ENABLE_NS_ASSERTIONS = NO;
				ENABLE_STRICT_OBJC_MSGSEND = YES;
				GCC_C_LANGUAGE_STANDARD = gnu99;
				GCC_NO_COMMON_BLOCKS = YES;
				GCC_WARN_64_TO_32_BIT_CONVERSION = YES;
				GCC_WARN_ABOUT_RETURN_TYPE = YES_ERROR;
				GCC_WARN_UNDECLARED_SELECTOR = YES;
				GCC_WARN_UNINITIALIZED_AUTOS = YES_AGGRESSIVE;
				GCC_WARN_UNUSED_FUNCTION = YES;
				GCC_WARN_UNUSED_VARIABLE = YES;
				IPHONEOS_DEPLOYMENT_TARGET = 10.3;
				MTL_ENABLE_DEBUG_INFO = NO;
				SDKROOT = iphoneos;
				SWIFT_OPTIMIZATION_LEVEL = "-Owholemodule";
				TARGETED_DEVICE_FAMILY = 2;
				VALIDATE_PRODUCT = YES;
			};
			name = Release;
		};
		311A27B11F253E9F00882945 /* Debug */ = {
			isa = XCBuildConfiguration;
			buildSettings = {
				ASSETCATALOG_COMPILER_APPICON_NAME = AppIcon;
				DEVELOPMENT_TEAM = RUXR8358UF;
				INFOPLIST_FILE = Project28b/Info.plist;
				LD_RUNPATH_SEARCH_PATHS = "$(inherited) @executable_path/Frameworks";
				PRODUCT_BUNDLE_IDENTIFIER = com.tekdrake.Project28b;
				PRODUCT_NAME = "$(TARGET_NAME)";
				SWIFT_VERSION = 3.0;
				TARGETED_DEVICE_FAMILY = 1;
			};
			name = Debug;
		};
		311A27B21F253E9F00882945 /* Release */ = {
			isa = XCBuildConfiguration;
			buildSettings = {
				ASSETCATALOG_COMPILER_APPICON_NAME = AppIcon;
				DEVELOPMENT_TEAM = RUXR8358UF;
				INFOPLIST_FILE = Project28b/Info.plist;
				LD_RUNPATH_SEARCH_PATHS = "$(inherited) @executable_path/Frameworks";
				PRODUCT_BUNDLE_IDENTIFIER = com.tekdrake.Project28b;
				PRODUCT_NAME = "$(TARGET_NAME)";
				SWIFT_VERSION = 3.0;
				TARGETED_DEVICE_FAMILY = 1;
			};
			name = Release;
		};
/* End XCBuildConfiguration section */

/* Begin XCConfigurationList section */
		311A27991F253E9F00882945 /* Build configuration list for PBXProject "Project28b" */ = {
			isa = XCConfigurationList;
			buildConfigurations = (
				311A27AE1F253E9F00882945 /* Debug */,
				311A27AF1F253E9F00882945 /* Release */,
			);
			defaultConfigurationIsVisible = 0;
			defaultConfigurationName = Release;
		};
		311A27B01F253E9F00882945 /* Build configuration list for PBXNativeTarget "Project28b" */ = {
			isa = XCConfigurationList;
			buildConfigurations = (
				311A27B11F253E9F00882945 /* Debug */,
				311A27B21F253E9F00882945 /* Release */,
			);
			defaultConfigurationIsVisible = 0;
			defaultConfigurationName = Release;
		};
/* End XCConfigurationList section */
	};
	rootObject = 311A27961F253E9F00882945 /* Project object */;
}
